// !$*UTF8*$!
{
	archiveVersion = 1;
	classes = {
	};
	objectVersion = 51;
	objects = {

/* Begin PBXBuildFile section */
		1804EC382514528600EDC9A5 /* SearchViewController.swift in Sources */ = {isa = PBXBuildFile; fileRef = 1804EC372514528600EDC9A5 /* SearchViewController.swift */; };
		1804EC3D251452B600EDC9A5 /* SearchKeywordViewController.swift in Sources */ = {isa = PBXBuildFile; fileRef = 1804EC3C251452B600EDC9A5 /* SearchKeywordViewController.swift */; };
		1804EC42251452C000EDC9A5 /* SearchResultViewController.swift in Sources */ = {isa = PBXBuildFile; fileRef = 1804EC41251452C000EDC9A5 /* SearchResultViewController.swift */; };
		1804EC47251452FE00EDC9A5 /* NavSearchView.swift in Sources */ = {isa = PBXBuildFile; fileRef = 1804EC46251452FE00EDC9A5 /* NavSearchView.swift */; };
		1804EC4C2514532B00EDC9A5 /* SearchKeywordCell.swift in Sources */ = {isa = PBXBuildFile; fileRef = 1804EC4B2514532B00EDC9A5 /* SearchKeywordCell.swift */; };
		1804EC512514535400EDC9A5 /* SearchKeywordReusableView.swift in Sources */ = {isa = PBXBuildFile; fileRef = 1804EC502514535400EDC9A5 /* SearchKeywordReusableView.swift */; };
		1804EC572514538000EDC9A5 /* FindHomeModel.swift in Sources */ = {isa = PBXBuildFile; fileRef = 1804EC552514538000EDC9A5 /* FindHomeModel.swift */; };
		1804EC582514538000EDC9A5 /* SearchModel.swift in Sources */ = {isa = PBXBuildFile; fileRef = 1804EC562514538000EDC9A5 /* SearchModel.swift */; };
		1804EC812514565700EDC9A5 /* HomeImageModel.swift in Sources */ = {isa = PBXBuildFile; fileRef = 1804EC802514565700EDC9A5 /* HomeImageModel.swift */; };
		1804EC8625148C7900EDC9A5 /* SearchKeywordResultsListCollectionViewCell.swift in Sources */ = {isa = PBXBuildFile; fileRef = 1804EC8525148C7900EDC9A5 /* SearchKeywordResultsListCollectionViewCell.swift */; };
		1804EC8D2514A03400EDC9A5 /* MenuDetailsViewController.swift in Sources */ = {isa = PBXBuildFile; fileRef = 1804EC8C2514A03400EDC9A5 /* MenuDetailsViewController.swift */; };
		18496606250F67E700E4815F /* AppDelegate.swift in Sources */ = {isa = PBXBuildFile; fileRef = 18496605250F67E700E4815F /* AppDelegate.swift */; };
		1849660D250F67E700E4815F /* Main.storyboard in Resources */ = {isa = PBXBuildFile; fileRef = 1849660B250F67E700E4815F /* Main.storyboard */; };
		1849660F250F67E800E4815F /* Assets.xcassets in Resources */ = {isa = PBXBuildFile; fileRef = 1849660E250F67E800E4815F /* Assets.xcassets */; };
		18496612250F67E800E4815F /* LaunchScreen.storyboard in Resources */ = {isa = PBXBuildFile; fileRef = 18496610250F67E800E4815F /* LaunchScreen.storyboard */; };
		1849661D250F67E800E4815F /* RecipeTests.swift in Sources */ = {isa = PBXBuildFile; fileRef = 1849661C250F67E800E4815F /* RecipeTests.swift */; };
		18496628250F67E800E4815F /* RecipeUITests.swift in Sources */ = {isa = PBXBuildFile; fileRef = 18496627250F67E800E4815F /* RecipeUITests.swift */; };
		1849663E250F6B6F00E4815F /* Configs.swift in Sources */ = {isa = PBXBuildFile; fileRef = 1849663D250F6B6F00E4815F /* Configs.swift */; };
		18496669250F7C7400E4815F /* VersionUpdateViewController.swift in Sources */ = {isa = PBXBuildFile; fileRef = 18496641250F7C7400E4815F /* VersionUpdateViewController.swift */; };
		1849666A250F7C7400E4815F /* PrivacyPolicyPopVC.swift in Sources */ = {isa = PBXBuildFile; fileRef = 18496643250F7C7400E4815F /* PrivacyPolicyPopVC.swift */; };
		1849666B250F7C7400E4815F /* CommonAlertController.swift in Sources */ = {isa = PBXBuildFile; fileRef = 18496644250F7C7400E4815F /* CommonAlertController.swift */; };
		1849666C250F7C7400E4815F /* ShareView.swift in Sources */ = {isa = PBXBuildFile; fileRef = 18496646250F7C7400E4815F /* ShareView.swift */; };
		1849666D250F7C7400E4815F /* ShareContentView.swift in Sources */ = {isa = PBXBuildFile; fileRef = 18496647250F7C7400E4815F /* ShareContentView.swift */; };
		1849666E250F7C7400E4815F /* ico-qq@3x.png in Resources */ = {isa = PBXBuildFile; fileRef = 18496649250F7C7400E4815F /* ico-qq@3x.png */; };
		1849666F250F7C7400E4815F /* ico-qq@2x.png in Resources */ = {isa = PBXBuildFile; fileRef = 1849664A250F7C7400E4815F /* ico-qq@2x.png */; };
		18496670250F7C7400E4815F /* ico-wechat@2x.png in Resources */ = {isa = PBXBuildFile; fileRef = 1849664B250F7C7400E4815F /* ico-wechat@2x.png */; };
		18496671250F7C7400E4815F /* ico-qzone@3x.png in Resources */ = {isa = PBXBuildFile; fileRef = 1849664C250F7C7400E4815F /* ico-qzone@3x.png */; };
		18496672250F7C7400E4815F /* ico-cof@2x.png in Resources */ = {isa = PBXBuildFile; fileRef = 1849664D250F7C7400E4815F /* ico-cof@2x.png */; };
		18496673250F7C7400E4815F /* ico-cof@3x.png in Resources */ = {isa = PBXBuildFile; fileRef = 1849664E250F7C7400E4815F /* ico-cof@3x.png */; };
		18496674250F7C7400E4815F /* ico-qzone@2x.png in Resources */ = {isa = PBXBuildFile; fileRef = 1849664F250F7C7400E4815F /* ico-qzone@2x.png */; };
		18496675250F7C7400E4815F /* ico-wechat@3x.png in Resources */ = {isa = PBXBuildFile; fileRef = 18496650250F7C7400E4815F /* ico-wechat@3x.png */; };
		18496676250F7C7400E4815F /* ico-savepic@3x.png in Resources */ = {isa = PBXBuildFile; fileRef = 18496651250F7C7400E4815F /* ico-savepic@3x.png */; };
		18496677250F7C7400E4815F /* ico-weibo@2x.png in Resources */ = {isa = PBXBuildFile; fileRef = 18496652250F7C7400E4815F /* ico-weibo@2x.png */; };
		18496678250F7C7400E4815F /* ico-weibo@3x.png in Resources */ = {isa = PBXBuildFile; fileRef = 18496653250F7C7400E4815F /* ico-weibo@3x.png */; };
		18496679250F7C7400E4815F /* ico-savepic@2x.png in Resources */ = {isa = PBXBuildFile; fileRef = 18496654250F7C7400E4815F /* ico-savepic@2x.png */; };
		1849667A250F7C7400E4815F /* ShareItemCell.swift in Sources */ = {isa = PBXBuildFile; fileRef = 18496655250F7C7400E4815F /* ShareItemCell.swift */; };
		1849667B250F7C7400E4815F /* NavigationController.swift in Sources */ = {isa = PBXBuildFile; fileRef = 18496657250F7C7400E4815F /* NavigationController.swift */; };
		1849667C250F7C7400E4815F /* NavigationView.swift in Sources */ = {isa = PBXBuildFile; fileRef = 18496659250F7C7400E4815F /* NavigationView.swift */; };
		1849667D250F7C7400E4815F /* navigationbar_back@2x.png in Resources */ = {isa = PBXBuildFile; fileRef = 1849665A250F7C7400E4815F /* navigationbar_back@2x.png */; };
		1849667E250F7C7400E4815F /* navigationbar_back@3x.png in Resources */ = {isa = PBXBuildFile; fileRef = 1849665B250F7C7400E4815F /* navigationbar_back@3x.png */; };
		1849667F250F7C7400E4815F /* BaseView.swift in Sources */ = {isa = PBXBuildFile; fileRef = 1849665C250F7C7400E4815F /* BaseView.swift */; };
		18496680250F7C7400E4815F /* ViewController.swift in Sources */ = {isa = PBXBuildFile; fileRef = 1849665E250F7C7400E4815F /* ViewController.swift */; };
		18496681250F7C7400E4815F /* WebViewController.swift in Sources */ = {isa = PBXBuildFile; fileRef = 1849665F250F7C7400E4815F /* WebViewController.swift */; };
		18496682250F7C7400E4815F /* DZNEmptyDataSetSource+Extensions.swift in Sources */ = {isa = PBXBuildFile; fileRef = 18496660250F7C7400E4815F /* DZNEmptyDataSetSource+Extensions.swift */; };
		18496683250F7C7400E4815F /* TableCornersCell.swift in Sources */ = {isa = PBXBuildFile; fileRef = 18496662250F7C7400E4815F /* TableCornersCell.swift */; };
		18496684250F7C7400E4815F /* TableViewCell.swift in Sources */ = {isa = PBXBuildFile; fileRef = 18496663250F7C7400E4815F /* TableViewCell.swift */; };
		18496685250F7C7400E4815F /* CollectionViewCell.swift in Sources */ = {isa = PBXBuildFile; fileRef = 18496664250F7C7400E4815F /* CollectionViewCell.swift */; };
		18496686250F7C7400E4815F /* TableViewHeaderFooterView.swift in Sources */ = {isa = PBXBuildFile; fileRef = 18496665250F7C7400E4815F /* TableViewHeaderFooterView.swift */; };
		18496687250F7C7400E4815F /* PlainTableViewController.swift in Sources */ = {isa = PBXBuildFile; fileRef = 18496667250F7C7400E4815F /* PlainTableViewController.swift */; };
		18496688250F7C7400E4815F /* GroupTableViewController.swift in Sources */ = {isa = PBXBuildFile; fileRef = 18496668250F7C7400E4815F /* GroupTableViewController.swift */; };
		1849668A250F7CBB00E4815F /* MainTabBarViewController.swift in Sources */ = {isa = PBXBuildFile; fileRef = 18496689250F7CBB00E4815F /* MainTabBarViewController.swift */; };
		184966DA250F7E0100E4815F /* RPCircularProgress.swift in Sources */ = {isa = PBXBuildFile; fileRef = 1849668D250F7E0100E4815F /* RPCircularProgress.swift */; };
		184966DB250F7E0100E4815F /* MoyaResponse.swift in Sources */ = {isa = PBXBuildFile; fileRef = 1849668F250F7E0100E4815F /* MoyaResponse.swift */; };
		184966DC250F7E0100E4815F /* MoyaResponseResult.swift in Sources */ = {isa = PBXBuildFile; fileRef = 18496690250F7E0100E4815F /* MoyaResponseResult.swift */; };
		184966DD250F7E0100E4815F /* MoyaRequestProtocol.swift in Sources */ = {isa = PBXBuildFile; fileRef = 18496691250F7E0100E4815F /* MoyaRequestProtocol.swift */; };
		184966DE250F7E0100E4815F /* MoyaNetworkManager.swift in Sources */ = {isa = PBXBuildFile; fileRef = 18496692250F7E0100E4815F /* MoyaNetworkManager.swift */; };
		184966DF250F7E0100E4815F /* MoyaConfig.swift in Sources */ = {isa = PBXBuildFile; fileRef = 18496693250F7E0100E4815F /* MoyaConfig.swift */; };
		184966E0250F7E0100E4815F /* TextLinePositionModifier.swift in Sources */ = {isa = PBXBuildFile; fileRef = 18496695250F7E0100E4815F /* TextLinePositionModifier.swift */; };
		184966E1250F7E0100E4815F /* AlignedCollectionViewFlowLayout.swift in Sources */ = {isa = PBXBuildFile; fileRef = 18496697250F7E0100E4815F /* AlignedCollectionViewFlowLayout.swift */; };
		184966E2250F7E0100E4815F /* MYCollectionViewFlowLayout.swift in Sources */ = {isa = PBXBuildFile; fileRef = 18496698250F7E0100E4815F /* MYCollectionViewFlowLayout.swift */; };
		184966E3250F7E0100E4815F /* UIButton+Extensions.swift in Sources */ = {isa = PBXBuildFile; fileRef = 1849669B250F7E0100E4815F /* UIButton+Extensions.swift */; };
		184966E4250F7E0100E4815F /* UIView+Extensions.swift in Sources */ = {isa = PBXBuildFile; fileRef = 1849669C250F7E0100E4815F /* UIView+Extensions.swift */; };
		184966E5250F7E0100E4815F /* UITextFieldExtensions.swift in Sources */ = {isa = PBXBuildFile; fileRef = 1849669D250F7E0100E4815F /* UITextFieldExtensions.swift */; };
		184966E6250F7E0100E4815F /* UITextViewExtensions.swift in Sources */ = {isa = PBXBuildFile; fileRef = 1849669E250F7E0100E4815F /* UITextViewExtensions.swift */; };
		184966E7250F7E0100E4815F /* UIStoryboardExtensions.swift in Sources */ = {isa = PBXBuildFile; fileRef = 1849669F250F7E0100E4815F /* UIStoryboardExtensions.swift */; };
		184966E8250F7E0100E4815F /* UISliderExtensions.swift in Sources */ = {isa = PBXBuildFile; fileRef = 184966A0250F7E0100E4815F /* UISliderExtensions.swift */; };
		184966E9250F7E0100E4815F /* UICollectionViewCell+Extensions.swift in Sources */ = {isa = PBXBuildFile; fileRef = 184966A1250F7E0100E4815F /* UICollectionViewCell+Extensions.swift */; };
		184966EA250F7E0100E4815F /* UIViewExtensions.swift in Sources */ = {isa = PBXBuildFile; fileRef = 184966A2250F7E0100E4815F /* UIViewExtensions.swift */; };
		184966EB250F7E0100E4815F /* UITableViewCell+Extensions.swift in Sources */ = {isa = PBXBuildFile; fileRef = 184966A3250F7E0100E4815F /* UITableViewCell+Extensions.swift */; };
		184966EC250F7E0100E4815F /* UIBarButtonItem+Extension.swift in Sources */ = {isa = PBXBuildFile; fileRef = 184966A4250F7E0100E4815F /* UIBarButtonItem+Extension.swift */; };
		184966ED250F7E0100E4815F /* UIWindowExtensions.swift in Sources */ = {isa = PBXBuildFile; fileRef = 184966A5250F7E0100E4815F /* UIWindowExtensions.swift */; };
		184966EE250F7E0100E4815F /* UILabelExtensions.swift in Sources */ = {isa = PBXBuildFile; fileRef = 184966A6250F7E0100E4815F /* UILabelExtensions.swift */; };
		184966EF250F7E0100E4815F /* UIApplicationExtensions.swift in Sources */ = {isa = PBXBuildFile; fileRef = 184966A7250F7E0100E4815F /* UIApplicationExtensions.swift */; };
		184966F0250F7E0100E4815F /* UIImageViewExtensions.swift in Sources */ = {isa = PBXBuildFile; fileRef = 184966A8250F7E0100E4815F /* UIImageViewExtensions.swift */; };
		184966F1250F7E0100E4815F /* UIAlertControllerExtensions.swift in Sources */ = {isa = PBXBuildFile; fileRef = 184966A9250F7E0100E4815F /* UIAlertControllerExtensions.swift */; };
		184966F2250F7E0100E4815F /* Array+Extensions.swift in Sources */ = {isa = PBXBuildFile; fileRef = 184966AB250F7E0100E4815F /* Array+Extensions.swift */; };
		184966F3250F7E0100E4815F /* Int+Extensions.swift in Sources */ = {isa = PBXBuildFile; fileRef = 184966AC250F7E0100E4815F /* Int+Extensions.swift */; };
		184966F4250F7E0100E4815F /* CGRectExtensions.swift in Sources */ = {isa = PBXBuildFile; fileRef = 184966AD250F7E0100E4815F /* CGRectExtensions.swift */; };
		184966F5250F7E0100E4815F /* CGFloatExtensions.swift in Sources */ = {isa = PBXBuildFile; fileRef = 184966AE250F7E0100E4815F /* CGFloatExtensions.swift */; };
		184966F6250F7E0100E4815F /* ArrayExtensions.swift in Sources */ = {isa = PBXBuildFile; fileRef = 184966AF250F7E0100E4815F /* ArrayExtensions.swift */; };
		184966F7250F7E0100E4815F /* PHAsset+Extensions.swift in Sources */ = {isa = PBXBuildFile; fileRef = 184966B0250F7E0100E4815F /* PHAsset+Extensions.swift */; };
		184966F8250F7E0100E4815F /* String+Extensions.swift in Sources */ = {isa = PBXBuildFile; fileRef = 184966B1250F7E0100E4815F /* String+Extensions.swift */; };
		184966F9250F7E0100E4815F /* Bool+Extensions.swift in Sources */ = {isa = PBXBuildFile; fileRef = 184966B2250F7E0100E4815F /* Bool+Extensions.swift */; };
		184966FA250F7E0100E4815F /* UIColor+Extensions.swift in Sources */ = {isa = PBXBuildFile; fileRef = 184966B3250F7E0100E4815F /* UIColor+Extensions.swift */; };
		184966FB250F7E0100E4815F /* UIImage+Extensions.swift in Sources */ = {isa = PBXBuildFile; fileRef = 184966B4250F7E0100E4815F /* UIImage+Extensions.swift */; };
		184966FC250F7E0100E4815F /* CGPointExtensions.swift in Sources */ = {isa = PBXBuildFile; fileRef = 184966B5250F7E0100E4815F /* CGPointExtensions.swift */; };
		184966FD250F7E0100E4815F /* TimerExtensions.swift in Sources */ = {isa = PBXBuildFile; fileRef = 184966B6250F7E0100E4815F /* TimerExtensions.swift */; };
		184966FE250F7E0100E4815F /* DictionaryExtensions.swift in Sources */ = {isa = PBXBuildFile; fileRef = 184966B7250F7E0100E4815F /* DictionaryExtensions.swift */; };
		184966FF250F7E0100E4815F /* StringExtensions.swift in Sources */ = {isa = PBXBuildFile; fileRef = 184966B8250F7E0100E4815F /* StringExtensions.swift */; };
		18496700250F7E0100E4815F /* TimePassed.swift in Sources */ = {isa = PBXBuildFile; fileRef = 184966B9250F7E0100E4815F /* TimePassed.swift */; };
		18496701250F7E0100E4815F /* DoubleExtensions.swift in Sources */ = {isa = PBXBuildFile; fileRef = 184966BA250F7E0100E4815F /* DoubleExtensions.swift */; };
		18496702250F7E0100E4815F /* CollectionsExtension.swift in Sources */ = {isa = PBXBuildFile; fileRef = 184966BB250F7E0100E4815F /* CollectionsExtension.swift */; };
		18496703250F7E0100E4815F /* UIImageExtensions.swift in Sources */ = {isa = PBXBuildFile; fileRef = 184966BC250F7E0100E4815F /* UIImageExtensions.swift */; };
		18496704250F7E0100E4815F /* BundleExtensions.swift in Sources */ = {isa = PBXBuildFile; fileRef = 184966BD250F7E0100E4815F /* BundleExtensions.swift */; };
		18496705250F7E0100E4815F /* CharacterExtensions.swift in Sources */ = {isa = PBXBuildFile; fileRef = 184966BE250F7E0100E4815F /* CharacterExtensions.swift */; };
		18496706250F7E0100E4815F /* SynchronizedDictionary.swift in Sources */ = {isa = PBXBuildFile; fileRef = 184966BF250F7E0100E4815F /* SynchronizedDictionary.swift */; };
		18496707250F7E0100E4815F /* DateExtensions.swift in Sources */ = {isa = PBXBuildFile; fileRef = 184966C0250F7E0100E4815F /* DateExtensions.swift */; };
		18496708250F7E0100E4815F /* Date+Extensions.swift in Sources */ = {isa = PBXBuildFile; fileRef = 184966C1250F7E0100E4815F /* Date+Extensions.swift */; };
		18496709250F7E0100E4815F /* UIEdgeInsets.swift in Sources */ = {isa = PBXBuildFile; fileRef = 184966C2250F7E0100E4815F /* UIEdgeInsets.swift */; };
		1849670A250F7E0100E4815F /* EZ.swift in Sources */ = {isa = PBXBuildFile; fileRef = 184966C3250F7E0100E4815F /* EZ.swift */; };
		1849670B250F7E0100E4815F /* UIViewControllerExtensions.swift in Sources */ = {isa = PBXBuildFile; fileRef = 184966C5250F7E0100E4815F /* UIViewControllerExtensions.swift */; };
		1849670C250F7E0100E4815F /* BlockPan.swift in Sources */ = {isa = PBXBuildFile; fileRef = 184966C7250F7E0100E4815F /* BlockPan.swift */; };
		1849670D250F7E0100E4815F /* BlockSwipe.swift in Sources */ = {isa = PBXBuildFile; fileRef = 184966C8250F7E0100E4815F /* BlockSwipe.swift */; };
		1849670E250F7E0100E4815F /* BlockPinch.swift in Sources */ = {isa = PBXBuildFile; fileRef = 184966C9250F7E0100E4815F /* BlockPinch.swift */; };
		1849670F250F7E0100E4815F /* BlockButton.swift in Sources */ = {isa = PBXBuildFile; fileRef = 184966CA250F7E0100E4815F /* BlockButton.swift */; };
		18496710250F7E0100E4815F /* BlockTap.swift in Sources */ = {isa = PBXBuildFile; fileRef = 184966CB250F7E0100E4815F /* BlockTap.swift */; };
		18496711250F7E0100E4815F /* BlockLongPress.swift in Sources */ = {isa = PBXBuildFile; fileRef = 184966CC250F7E0100E4815F /* BlockLongPress.swift */; };
		18496712250F7E0100E4815F /* PathManager.swift in Sources */ = {isa = PBXBuildFile; fileRef = 184966CD250F7E0100E4815F /* PathManager.swift */; };
		18496713250F7E0100E4815F /* EZ+Extensions.swift in Sources */ = {isa = PBXBuildFile; fileRef = 184966CE250F7E0100E4815F /* EZ+Extensions.swift */; };
		18496714250F7E0100E4815F /* NSMutableAttributedString+Extensions.swift in Sources */ = {isa = PBXBuildFile; fileRef = 184966D0250F7E0100E4815F /* NSMutableAttributedString+Extensions.swift */; };
		18496715250F7E0100E4815F /* HashableExtensions.swift in Sources */ = {isa = PBXBuildFile; fileRef = 184966D1250F7E0100E4815F /* HashableExtensions.swift */; };
		18496716250F7E0100E4815F /* NSAttributedString+Extensions.swift in Sources */ = {isa = PBXBuildFile; fileRef = 184966D2250F7E0100E4815F /* NSAttributedString+Extensions.swift */; };
		18496717250F7E0100E4815F /* FileManagerExtension.swift in Sources */ = {isa = PBXBuildFile; fileRef = 184966D3250F7E0100E4815F /* FileManagerExtension.swift */; };
		18496718250F7E0100E4815F /* FloatingPointExtensions.swift in Sources */ = {isa = PBXBuildFile; fileRef = 184966D4250F7E0100E4815F /* FloatingPointExtensions.swift */; };
		18496719250F7E0100E4815F /* NSDictionaryExtensions.swift in Sources */ = {isa = PBXBuildFile; fileRef = 184966D5250F7E0100E4815F /* NSDictionaryExtensions.swift */; };
		1849671A250F7E0100E4815F /* NSObjectExtensions.swift in Sources */ = {isa = PBXBuildFile; fileRef = 184966D6250F7E0100E4815F /* NSObjectExtensions.swift */; };
		1849671B250F7E0100E4815F /* QorumLogs.swift in Sources */ = {isa = PBXBuildFile; fileRef = 184966D8250F7E0100E4815F /* QorumLogs.swift */; };
		1849671C250F7E0100E4815F /* SwiftNormal.swift in Sources */ = {isa = PBXBuildFile; fileRef = 184966D9250F7E0100E4815F /* SwiftNormal.swift */; };
		184967272510513600E4815F /* MoyaAPI.swift in Sources */ = {isa = PBXBuildFile; fileRef = 184967262510513600E4815F /* MoyaAPI.swift */; };
		184967342510563100E4815F /* HomeViewController.swift in Sources */ = {isa = PBXBuildFile; fileRef = 184967332510563100E4815F /* HomeViewController.swift */; };
		1849673E2510575300E4815F /* MineViewController.swift in Sources */ = {isa = PBXBuildFile; fileRef = 1849673D2510575300E4815F /* MineViewController.swift */; };
		184967402510579F00E4815F /* ClassificationViewController.swift in Sources */ = {isa = PBXBuildFile; fileRef = 1849673F2510579F00E4815F /* ClassificationViewController.swift */; };
		18496744251059E700E4815F /* MineHeaderItemCell.swift in Sources */ = {isa = PBXBuildFile; fileRef = 18496743251059E700E4815F /* MineHeaderItemCell.swift */; };
		1849674625105A0900E4815F /* MineHeaderView.swift in Sources */ = {isa = PBXBuildFile; fileRef = 1849674525105A0900E4815F /* MineHeaderView.swift */; };
		1849674825108D8300E4815F /* ClassificationTableViewCell.swift in Sources */ = {isa = PBXBuildFile; fileRef = 1849674725108D8300E4815F /* ClassificationTableViewCell.swift */; };
		1849674C2510BD5A00E4815F /* DishesListCollectionViewCell.swift in Sources */ = {isa = PBXBuildFile; fileRef = 1849674B2510BD5A00E4815F /* DishesListCollectionViewCell.swift */; };
		1849674F2510D5FB00E4815F /* DishesListCollectionViewHeatherCell.swift in Sources */ = {isa = PBXBuildFile; fileRef = 1849674E2510D5FB00E4815F /* DishesListCollectionViewHeatherCell.swift */; };
		184967552511E53F00E4815F /* HomeHeaderView.swift in Sources */ = {isa = PBXBuildFile; fileRef = 184967542511E53F00E4815F /* HomeHeaderView.swift */; };
		184967572511FD9000E4815F /* HomeDishesListCollectionViewCell.swift in Sources */ = {isa = PBXBuildFile; fileRef = 184967562511FD9000E4815F /* HomeDishesListCollectionViewCell.swift */; };
		1849675925120F4700E4815F /* HomeThemeListCollectionViewCell.swift in Sources */ = {isa = PBXBuildFile; fileRef = 1849675825120F4700E4815F /* HomeThemeListCollectionViewCell.swift */; };
		1849675B2512F97600E4815F /* HomeGoodDishesListCollectionViewCell.swift in Sources */ = {isa = PBXBuildFile; fileRef = 1849675A2512F97600E4815F /* HomeGoodDishesListCollectionViewCell.swift */; };
		C64C77EAF181896941F586D0 /* Pods_Recipe.framework in Frameworks */ = {isa = PBXBuildFile; fileRef = F0279008270829480E23552A /* Pods_Recipe.framework */; };
/* End PBXBuildFile section */

/* Begin PBXContainerItemProxy section */
		18496619250F67E800E4815F /* PBXContainerItemProxy */ = {
			isa = PBXContainerItemProxy;
			containerPortal = 184965FA250F67E700E4815F /* Project object */;
			proxyType = 1;
			remoteGlobalIDString = 18496601250F67E700E4815F;
			remoteInfo = Recipe;
		};
		18496624250F67E800E4815F /* PBXContainerItemProxy */ = {
			isa = PBXContainerItemProxy;
			containerPortal = 184965FA250F67E700E4815F /* Project object */;
			proxyType = 1;
			remoteGlobalIDString = 18496601250F67E700E4815F;
			remoteInfo = Recipe;
		};
/* End PBXContainerItemProxy section */

/* Begin PBXFileReference section */
		1804EC372514528600EDC9A5 /* SearchViewController.swift */ = {isa = PBXFileReference; fileEncoding = 4; lastKnownFileType = sourcecode.swift; path = SearchViewController.swift; sourceTree = "<group>"; };
		1804EC3C251452B600EDC9A5 /* SearchKeywordViewController.swift */ = {isa = PBXFileReference; fileEncoding = 4; lastKnownFileType = sourcecode.swift; path = SearchKeywordViewController.swift; sourceTree = "<group>"; };
		1804EC41251452C000EDC9A5 /* SearchResultViewController.swift */ = {isa = PBXFileReference; fileEncoding = 4; lastKnownFileType = sourcecode.swift; path = SearchResultViewController.swift; sourceTree = "<group>"; };
		1804EC46251452FE00EDC9A5 /* NavSearchView.swift */ = {isa = PBXFileReference; fileEncoding = 4; lastKnownFileType = sourcecode.swift; path = NavSearchView.swift; sourceTree = "<group>"; };
		1804EC4B2514532B00EDC9A5 /* SearchKeywordCell.swift */ = {isa = PBXFileReference; fileEncoding = 4; lastKnownFileType = sourcecode.swift; path = SearchKeywordCell.swift; sourceTree = "<group>"; };
		1804EC502514535400EDC9A5 /* SearchKeywordReusableView.swift */ = {isa = PBXFileReference; fileEncoding = 4; lastKnownFileType = sourcecode.swift; path = SearchKeywordReusableView.swift; sourceTree = "<group>"; };
		1804EC552514538000EDC9A5 /* FindHomeModel.swift */ = {isa = PBXFileReference; fileEncoding = 4; lastKnownFileType = sourcecode.swift; path = FindHomeModel.swift; sourceTree = "<group>"; };
		1804EC562514538000EDC9A5 /* SearchModel.swift */ = {isa = PBXFileReference; fileEncoding = 4; lastKnownFileType = sourcecode.swift; path = SearchModel.swift; sourceTree = "<group>"; };
		1804EC802514565700EDC9A5 /* HomeImageModel.swift */ = {isa = PBXFileReference; fileEncoding = 4; lastKnownFileType = sourcecode.swift; path = HomeImageModel.swift; sourceTree = "<group>"; };
		1804EC8525148C7900EDC9A5 /* SearchKeywordResultsListCollectionViewCell.swift */ = {isa = PBXFileReference; lastKnownFileType = sourcecode.swift; path = SearchKeywordResultsListCollectionViewCell.swift; sourceTree = "<group>"; };
		1804EC8C2514A03400EDC9A5 /* MenuDetailsViewController.swift */ = {isa = PBXFileReference; lastKnownFileType = sourcecode.swift; path = MenuDetailsViewController.swift; sourceTree = "<group>"; };
		18496602250F67E700E4815F /* Recipe.app */ = {isa = PBXFileReference; explicitFileType = wrapper.application; includeInIndex = 0; path = Recipe.app; sourceTree = BUILT_PRODUCTS_DIR; };
		18496605250F67E700E4815F /* AppDelegate.swift */ = {isa = PBXFileReference; lastKnownFileType = sourcecode.swift; path = AppDelegate.swift; sourceTree = "<group>"; };
		1849660C250F67E700E4815F /* Base */ = {isa = PBXFileReference; lastKnownFileType = file.storyboard; name = Base; path = Base.lproj/Main.storyboard; sourceTree = "<group>"; };
		1849660E250F67E800E4815F /* Assets.xcassets */ = {isa = PBXFileReference; lastKnownFileType = folder.assetcatalog; path = Assets.xcassets; sourceTree = "<group>"; };
		18496611250F67E800E4815F /* Base */ = {isa = PBXFileReference; lastKnownFileType = file.storyboard; name = Base; path = Base.lproj/LaunchScreen.storyboard; sourceTree = "<group>"; };
		18496613250F67E800E4815F /* Info.plist */ = {isa = PBXFileReference; lastKnownFileType = text.plist.xml; path = Info.plist; sourceTree = "<group>"; };
		18496618250F67E800E4815F /* RecipeTests.xctest */ = {isa = PBXFileReference; explicitFileType = wrapper.cfbundle; includeInIndex = 0; path = RecipeTests.xctest; sourceTree = BUILT_PRODUCTS_DIR; };
		1849661C250F67E800E4815F /* RecipeTests.swift */ = {isa = PBXFileReference; lastKnownFileType = sourcecode.swift; path = RecipeTests.swift; sourceTree = "<group>"; };
		1849661E250F67E800E4815F /* Info.plist */ = {isa = PBXFileReference; lastKnownFileType = text.plist.xml; path = Info.plist; sourceTree = "<group>"; };
		18496623250F67E800E4815F /* RecipeUITests.xctest */ = {isa = PBXFileReference; explicitFileType = wrapper.cfbundle; includeInIndex = 0; path = RecipeUITests.xctest; sourceTree = BUILT_PRODUCTS_DIR; };
		18496627250F67E800E4815F /* RecipeUITests.swift */ = {isa = PBXFileReference; lastKnownFileType = sourcecode.swift; path = RecipeUITests.swift; sourceTree = "<group>"; };
		18496629250F67E800E4815F /* Info.plist */ = {isa = PBXFileReference; lastKnownFileType = text.plist.xml; path = Info.plist; sourceTree = "<group>"; };
		1849663D250F6B6F00E4815F /* Configs.swift */ = {isa = PBXFileReference; lastKnownFileType = sourcecode.swift; path = Configs.swift; sourceTree = "<group>"; };
		18496641250F7C7400E4815F /* VersionUpdateViewController.swift */ = {isa = PBXFileReference; fileEncoding = 4; lastKnownFileType = sourcecode.swift; path = VersionUpdateViewController.swift; sourceTree = "<group>"; };
		18496643250F7C7400E4815F /* PrivacyPolicyPopVC.swift */ = {isa = PBXFileReference; fileEncoding = 4; lastKnownFileType = sourcecode.swift; path = PrivacyPolicyPopVC.swift; sourceTree = "<group>"; };
		18496644250F7C7400E4815F /* CommonAlertController.swift */ = {isa = PBXFileReference; fileEncoding = 4; lastKnownFileType = sourcecode.swift; path = CommonAlertController.swift; sourceTree = "<group>"; };
		18496646250F7C7400E4815F /* ShareView.swift */ = {isa = PBXFileReference; fileEncoding = 4; lastKnownFileType = sourcecode.swift; path = ShareView.swift; sourceTree = "<group>"; };
		18496647250F7C7400E4815F /* ShareContentView.swift */ = {isa = PBXFileReference; fileEncoding = 4; lastKnownFileType = sourcecode.swift; path = ShareContentView.swift; sourceTree = "<group>"; };
		18496649250F7C7400E4815F /* ico-qq@3x.png */ = {isa = PBXFileReference; lastKnownFileType = image.png; path = "ico-qq@3x.png"; sourceTree = "<group>"; };
		1849664A250F7C7400E4815F /* ico-qq@2x.png */ = {isa = PBXFileReference; lastKnownFileType = image.png; path = "ico-qq@2x.png"; sourceTree = "<group>"; };
		1849664B250F7C7400E4815F /* ico-wechat@2x.png */ = {isa = PBXFileReference; lastKnownFileType = image.png; path = "ico-wechat@2x.png"; sourceTree = "<group>"; };
		1849664C250F7C7400E4815F /* ico-qzone@3x.png */ = {isa = PBXFileReference; lastKnownFileType = image.png; path = "ico-qzone@3x.png"; sourceTree = "<group>"; };
		1849664D250F7C7400E4815F /* ico-cof@2x.png */ = {isa = PBXFileReference; lastKnownFileType = image.png; path = "ico-cof@2x.png"; sourceTree = "<group>"; };
		1849664E250F7C7400E4815F /* ico-cof@3x.png */ = {isa = PBXFileReference; lastKnownFileType = image.png; path = "ico-cof@3x.png"; sourceTree = "<group>"; };
		1849664F250F7C7400E4815F /* ico-qzone@2x.png */ = {isa = PBXFileReference; lastKnownFileType = image.png; path = "ico-qzone@2x.png"; sourceTree = "<group>"; };
		18496650250F7C7400E4815F /* ico-wechat@3x.png */ = {isa = PBXFileReference; lastKnownFileType = image.png; path = "ico-wechat@3x.png"; sourceTree = "<group>"; };
		18496651250F7C7400E4815F /* ico-savepic@3x.png */ = {isa = PBXFileReference; lastKnownFileType = image.png; path = "ico-savepic@3x.png"; sourceTree = "<group>"; };
		18496652250F7C7400E4815F /* ico-weibo@2x.png */ = {isa = PBXFileReference; lastKnownFileType = image.png; path = "ico-weibo@2x.png"; sourceTree = "<group>"; };
		18496653250F7C7400E4815F /* ico-weibo@3x.png */ = {isa = PBXFileReference; lastKnownFileType = image.png; path = "ico-weibo@3x.png"; sourceTree = "<group>"; };
		18496654250F7C7400E4815F /* ico-savepic@2x.png */ = {isa = PBXFileReference; lastKnownFileType = image.png; path = "ico-savepic@2x.png"; sourceTree = "<group>"; };
		18496655250F7C7400E4815F /* ShareItemCell.swift */ = {isa = PBXFileReference; fileEncoding = 4; lastKnownFileType = sourcecode.swift; path = ShareItemCell.swift; sourceTree = "<group>"; };
		18496657250F7C7400E4815F /* NavigationController.swift */ = {isa = PBXFileReference; fileEncoding = 4; lastKnownFileType = sourcecode.swift; path = NavigationController.swift; sourceTree = "<group>"; };
		18496659250F7C7400E4815F /* NavigationView.swift */ = {isa = PBXFileReference; fileEncoding = 4; lastKnownFileType = sourcecode.swift; path = NavigationView.swift; sourceTree = "<group>"; };
		1849665A250F7C7400E4815F /* navigationbar_back@2x.png */ = {isa = PBXFileReference; lastKnownFileType = image.png; path = "navigationbar_back@2x.png"; sourceTree = "<group>"; };
		1849665B250F7C7400E4815F /* navigationbar_back@3x.png */ = {isa = PBXFileReference; lastKnownFileType = image.png; path = "navigationbar_back@3x.png"; sourceTree = "<group>"; };
		1849665C250F7C7400E4815F /* BaseView.swift */ = {isa = PBXFileReference; fileEncoding = 4; lastKnownFileType = sourcecode.swift; path = BaseView.swift; sourceTree = "<group>"; };
		1849665E250F7C7400E4815F /* ViewController.swift */ = {isa = PBXFileReference; fileEncoding = 4; lastKnownFileType = sourcecode.swift; path = ViewController.swift; sourceTree = "<group>"; };
		1849665F250F7C7400E4815F /* WebViewController.swift */ = {isa = PBXFileReference; fileEncoding = 4; lastKnownFileType = sourcecode.swift; path = WebViewController.swift; sourceTree = "<group>"; };
		18496660250F7C7400E4815F /* DZNEmptyDataSetSource+Extensions.swift */ = {isa = PBXFileReference; fileEncoding = 4; lastKnownFileType = sourcecode.swift; path = "DZNEmptyDataSetSource+Extensions.swift"; sourceTree = "<group>"; };
		18496662250F7C7400E4815F /* TableCornersCell.swift */ = {isa = PBXFileReference; fileEncoding = 4; lastKnownFileType = sourcecode.swift; path = TableCornersCell.swift; sourceTree = "<group>"; };
		18496663250F7C7400E4815F /* TableViewCell.swift */ = {isa = PBXFileReference; fileEncoding = 4; lastKnownFileType = sourcecode.swift; path = TableViewCell.swift; sourceTree = "<group>"; };
		18496664250F7C7400E4815F /* CollectionViewCell.swift */ = {isa = PBXFileReference; fileEncoding = 4; lastKnownFileType = sourcecode.swift; path = CollectionViewCell.swift; sourceTree = "<group>"; };
		18496665250F7C7400E4815F /* TableViewHeaderFooterView.swift */ = {isa = PBXFileReference; fileEncoding = 4; lastKnownFileType = sourcecode.swift; path = TableViewHeaderFooterView.swift; sourceTree = "<group>"; };
		18496667250F7C7400E4815F /* PlainTableViewController.swift */ = {isa = PBXFileReference; fileEncoding = 4; lastKnownFileType = sourcecode.swift; path = PlainTableViewController.swift; sourceTree = "<group>"; };
		18496668250F7C7400E4815F /* GroupTableViewController.swift */ = {isa = PBXFileReference; fileEncoding = 4; lastKnownFileType = sourcecode.swift; path = GroupTableViewController.swift; sourceTree = "<group>"; };
		18496689250F7CBB00E4815F /* MainTabBarViewController.swift */ = {isa = PBXFileReference; lastKnownFileType = sourcecode.swift; path = MainTabBarViewController.swift; sourceTree = "<group>"; };
		1849668D250F7E0100E4815F /* RPCircularProgress.swift */ = {isa = PBXFileReference; fileEncoding = 4; lastKnownFileType = sourcecode.swift; path = RPCircularProgress.swift; sourceTree = "<group>"; };
		1849668F250F7E0100E4815F /* MoyaResponse.swift */ = {isa = PBXFileReference; fileEncoding = 4; lastKnownFileType = sourcecode.swift; path = MoyaResponse.swift; sourceTree = "<group>"; };
		18496690250F7E0100E4815F /* MoyaResponseResult.swift */ = {isa = PBXFileReference; fileEncoding = 4; lastKnownFileType = sourcecode.swift; path = MoyaResponseResult.swift; sourceTree = "<group>"; };
		18496691250F7E0100E4815F /* MoyaRequestProtocol.swift */ = {isa = PBXFileReference; fileEncoding = 4; lastKnownFileType = sourcecode.swift; path = MoyaRequestProtocol.swift; sourceTree = "<group>"; };
		18496692250F7E0100E4815F /* MoyaNetworkManager.swift */ = {isa = PBXFileReference; fileEncoding = 4; lastKnownFileType = sourcecode.swift; path = MoyaNetworkManager.swift; sourceTree = "<group>"; };
		18496693250F7E0100E4815F /* MoyaConfig.swift */ = {isa = PBXFileReference; fileEncoding = 4; lastKnownFileType = sourcecode.swift; path = MoyaConfig.swift; sourceTree = "<group>"; };
		18496695250F7E0100E4815F /* TextLinePositionModifier.swift */ = {isa = PBXFileReference; fileEncoding = 4; lastKnownFileType = sourcecode.swift; path = TextLinePositionModifier.swift; sourceTree = "<group>"; };
		18496697250F7E0100E4815F /* AlignedCollectionViewFlowLayout.swift */ = {isa = PBXFileReference; fileEncoding = 4; lastKnownFileType = sourcecode.swift; path = AlignedCollectionViewFlowLayout.swift; sourceTree = "<group>"; };
		18496698250F7E0100E4815F /* MYCollectionViewFlowLayout.swift */ = {isa = PBXFileReference; fileEncoding = 4; lastKnownFileType = sourcecode.swift; path = MYCollectionViewFlowLayout.swift; sourceTree = "<group>"; };
		1849669B250F7E0100E4815F /* UIButton+Extensions.swift */ = {isa = PBXFileReference; fileEncoding = 4; lastKnownFileType = sourcecode.swift; path = "UIButton+Extensions.swift"; sourceTree = "<group>"; };
		1849669C250F7E0100E4815F /* UIView+Extensions.swift */ = {isa = PBXFileReference; fileEncoding = 4; lastKnownFileType = sourcecode.swift; path = "UIView+Extensions.swift"; sourceTree = "<group>"; };
		1849669D250F7E0100E4815F /* UITextFieldExtensions.swift */ = {isa = PBXFileReference; fileEncoding = 4; lastKnownFileType = sourcecode.swift; path = UITextFieldExtensions.swift; sourceTree = "<group>"; };
		1849669E250F7E0100E4815F /* UITextViewExtensions.swift */ = {isa = PBXFileReference; fileEncoding = 4; lastKnownFileType = sourcecode.swift; path = UITextViewExtensions.swift; sourceTree = "<group>"; };
		1849669F250F7E0100E4815F /* UIStoryboardExtensions.swift */ = {isa = PBXFileReference; fileEncoding = 4; lastKnownFileType = sourcecode.swift; path = UIStoryboardExtensions.swift; sourceTree = "<group>"; };
		184966A0250F7E0100E4815F /* UISliderExtensions.swift */ = {isa = PBXFileReference; fileEncoding = 4; lastKnownFileType = sourcecode.swift; path = UISliderExtensions.swift; sourceTree = "<group>"; };
		184966A1250F7E0100E4815F /* UICollectionViewCell+Extensions.swift */ = {isa = PBXFileReference; fileEncoding = 4; lastKnownFileType = sourcecode.swift; path = "UICollectionViewCell+Extensions.swift"; sourceTree = "<group>"; };
		184966A2250F7E0100E4815F /* UIViewExtensions.swift */ = {isa = PBXFileReference; fileEncoding = 4; lastKnownFileType = sourcecode.swift; path = UIViewExtensions.swift; sourceTree = "<group>"; };
		184966A3250F7E0100E4815F /* UITableViewCell+Extensions.swift */ = {isa = PBXFileReference; fileEncoding = 4; lastKnownFileType = sourcecode.swift; path = "UITableViewCell+Extensions.swift"; sourceTree = "<group>"; };
		184966A4250F7E0100E4815F /* UIBarButtonItem+Extension.swift */ = {isa = PBXFileReference; fileEncoding = 4; lastKnownFileType = sourcecode.swift; path = "UIBarButtonItem+Extension.swift"; sourceTree = "<group>"; };
		184966A5250F7E0100E4815F /* UIWindowExtensions.swift */ = {isa = PBXFileReference; fileEncoding = 4; lastKnownFileType = sourcecode.swift; path = UIWindowExtensions.swift; sourceTree = "<group>"; };
		184966A6250F7E0100E4815F /* UILabelExtensions.swift */ = {isa = PBXFileReference; fileEncoding = 4; lastKnownFileType = sourcecode.swift; path = UILabelExtensions.swift; sourceTree = "<group>"; };
		184966A7250F7E0100E4815F /* UIApplicationExtensions.swift */ = {isa = PBXFileReference; fileEncoding = 4; lastKnownFileType = sourcecode.swift; path = UIApplicationExtensions.swift; sourceTree = "<group>"; };
		184966A8250F7E0100E4815F /* UIImageViewExtensions.swift */ = {isa = PBXFileReference; fileEncoding = 4; lastKnownFileType = sourcecode.swift; path = UIImageViewExtensions.swift; sourceTree = "<group>"; };
		184966A9250F7E0100E4815F /* UIAlertControllerExtensions.swift */ = {isa = PBXFileReference; fileEncoding = 4; lastKnownFileType = sourcecode.swift; path = UIAlertControllerExtensions.swift; sourceTree = "<group>"; };
		184966AB250F7E0100E4815F /* Array+Extensions.swift */ = {isa = PBXFileReference; fileEncoding = 4; lastKnownFileType = sourcecode.swift; path = "Array+Extensions.swift"; sourceTree = "<group>"; };
		184966AC250F7E0100E4815F /* Int+Extensions.swift */ = {isa = PBXFileReference; fileEncoding = 4; lastKnownFileType = sourcecode.swift; path = "Int+Extensions.swift"; sourceTree = "<group>"; };
		184966AD250F7E0100E4815F /* CGRectExtensions.swift */ = {isa = PBXFileReference; fileEncoding = 4; lastKnownFileType = sourcecode.swift; path = CGRectExtensions.swift; sourceTree = "<group>"; };
		184966AE250F7E0100E4815F /* CGFloatExtensions.swift */ = {isa = PBXFileReference; fileEncoding = 4; lastKnownFileType = sourcecode.swift; path = CGFloatExtensions.swift; sourceTree = "<group>"; };
		184966AF250F7E0100E4815F /* ArrayExtensions.swift */ = {isa = PBXFileReference; fileEncoding = 4; lastKnownFileType = sourcecode.swift; path = ArrayExtensions.swift; sourceTree = "<group>"; };
		184966B0250F7E0100E4815F /* PHAsset+Extensions.swift */ = {isa = PBXFileReference; fileEncoding = 4; lastKnownFileType = sourcecode.swift; path = "PHAsset+Extensions.swift"; sourceTree = "<group>"; };
		184966B1250F7E0100E4815F /* String+Extensions.swift */ = {isa = PBXFileReference; fileEncoding = 4; lastKnownFileType = sourcecode.swift; path = "String+Extensions.swift"; sourceTree = "<group>"; };
		184966B2250F7E0100E4815F /* Bool+Extensions.swift */ = {isa = PBXFileReference; fileEncoding = 4; lastKnownFileType = sourcecode.swift; path = "Bool+Extensions.swift"; sourceTree = "<group>"; };
		184966B3250F7E0100E4815F /* UIColor+Extensions.swift */ = {isa = PBXFileReference; fileEncoding = 4; lastKnownFileType = sourcecode.swift; path = "UIColor+Extensions.swift"; sourceTree = "<group>"; };
		184966B4250F7E0100E4815F /* UIImage+Extensions.swift */ = {isa = PBXFileReference; fileEncoding = 4; lastKnownFileType = sourcecode.swift; path = "UIImage+Extensions.swift"; sourceTree = "<group>"; };
		184966B5250F7E0100E4815F /* CGPointExtensions.swift */ = {isa = PBXFileReference; fileEncoding = 4; lastKnownFileType = sourcecode.swift; path = CGPointExtensions.swift; sourceTree = "<group>"; };
		184966B6250F7E0100E4815F /* TimerExtensions.swift */ = {isa = PBXFileReference; fileEncoding = 4; lastKnownFileType = sourcecode.swift; path = TimerExtensions.swift; sourceTree = "<group>"; };
		184966B7250F7E0100E4815F /* DictionaryExtensions.swift */ = {isa = PBXFileReference; fileEncoding = 4; lastKnownFileType = sourcecode.swift; path = DictionaryExtensions.swift; sourceTree = "<group>"; };
		184966B8250F7E0100E4815F /* StringExtensions.swift */ = {isa = PBXFileReference; fileEncoding = 4; lastKnownFileType = sourcecode.swift; path = StringExtensions.swift; sourceTree = "<group>"; };
		184966B9250F7E0100E4815F /* TimePassed.swift */ = {isa = PBXFileReference; fileEncoding = 4; lastKnownFileType = sourcecode.swift; path = TimePassed.swift; sourceTree = "<group>"; };
		184966BA250F7E0100E4815F /* DoubleExtensions.swift */ = {isa = PBXFileReference; fileEncoding = 4; lastKnownFileType = sourcecode.swift; path = DoubleExtensions.swift; sourceTree = "<group>"; };
		184966BB250F7E0100E4815F /* CollectionsExtension.swift */ = {isa = PBXFileReference; fileEncoding = 4; lastKnownFileType = sourcecode.swift; path = CollectionsExtension.swift; sourceTree = "<group>"; };
		184966BC250F7E0100E4815F /* UIImageExtensions.swift */ = {isa = PBXFileReference; fileEncoding = 4; lastKnownFileType = sourcecode.swift; path = UIImageExtensions.swift; sourceTree = "<group>"; };
		184966BD250F7E0100E4815F /* BundleExtensions.swift */ = {isa = PBXFileReference; fileEncoding = 4; lastKnownFileType = sourcecode.swift; path = BundleExtensions.swift; sourceTree = "<group>"; };
		184966BE250F7E0100E4815F /* CharacterExtensions.swift */ = {isa = PBXFileReference; fileEncoding = 4; lastKnownFileType = sourcecode.swift; path = CharacterExtensions.swift; sourceTree = "<group>"; };
		184966BF250F7E0100E4815F /* SynchronizedDictionary.swift */ = {isa = PBXFileReference; fileEncoding = 4; lastKnownFileType = sourcecode.swift; path = SynchronizedDictionary.swift; sourceTree = "<group>"; };
		184966C0250F7E0100E4815F /* DateExtensions.swift */ = {isa = PBXFileReference; fileEncoding = 4; lastKnownFileType = sourcecode.swift; path = DateExtensions.swift; sourceTree = "<group>"; };
		184966C1250F7E0100E4815F /* Date+Extensions.swift */ = {isa = PBXFileReference; fileEncoding = 4; lastKnownFileType = sourcecode.swift; path = "Date+Extensions.swift"; sourceTree = "<group>"; };
		184966C2250F7E0100E4815F /* UIEdgeInsets.swift */ = {isa = PBXFileReference; fileEncoding = 4; lastKnownFileType = sourcecode.swift; path = UIEdgeInsets.swift; sourceTree = "<group>"; };
		184966C3250F7E0100E4815F /* EZ.swift */ = {isa = PBXFileReference; fileEncoding = 4; lastKnownFileType = sourcecode.swift; path = EZ.swift; sourceTree = "<group>"; };
		184966C5250F7E0100E4815F /* UIViewControllerExtensions.swift */ = {isa = PBXFileReference; fileEncoding = 4; lastKnownFileType = sourcecode.swift; path = UIViewControllerExtensions.swift; sourceTree = "<group>"; };
		184966C7250F7E0100E4815F /* BlockPan.swift */ = {isa = PBXFileReference; fileEncoding = 4; lastKnownFileType = sourcecode.swift; path = BlockPan.swift; sourceTree = "<group>"; };
		184966C8250F7E0100E4815F /* BlockSwipe.swift */ = {isa = PBXFileReference; fileEncoding = 4; lastKnownFileType = sourcecode.swift; path = BlockSwipe.swift; sourceTree = "<group>"; };
		184966C9250F7E0100E4815F /* BlockPinch.swift */ = {isa = PBXFileReference; fileEncoding = 4; lastKnownFileType = sourcecode.swift; path = BlockPinch.swift; sourceTree = "<group>"; };
		184966CA250F7E0100E4815F /* BlockButton.swift */ = {isa = PBXFileReference; fileEncoding = 4; lastKnownFileType = sourcecode.swift; path = BlockButton.swift; sourceTree = "<group>"; };
		184966CB250F7E0100E4815F /* BlockTap.swift */ = {isa = PBXFileReference; fileEncoding = 4; lastKnownFileType = sourcecode.swift; path = BlockTap.swift; sourceTree = "<group>"; };
		184966CC250F7E0100E4815F /* BlockLongPress.swift */ = {isa = PBXFileReference; fileEncoding = 4; lastKnownFileType = sourcecode.swift; path = BlockLongPress.swift; sourceTree = "<group>"; };
		184966CD250F7E0100E4815F /* PathManager.swift */ = {isa = PBXFileReference; fileEncoding = 4; lastKnownFileType = sourcecode.swift; path = PathManager.swift; sourceTree = "<group>"; };
		184966CE250F7E0100E4815F /* EZ+Extensions.swift */ = {isa = PBXFileReference; fileEncoding = 4; lastKnownFileType = sourcecode.swift; path = "EZ+Extensions.swift"; sourceTree = "<group>"; };
		184966D0250F7E0100E4815F /* NSMutableAttributedString+Extensions.swift */ = {isa = PBXFileReference; fileEncoding = 4; lastKnownFileType = sourcecode.swift; path = "NSMutableAttributedString+Extensions.swift"; sourceTree = "<group>"; };
		184966D1250F7E0100E4815F /* HashableExtensions.swift */ = {isa = PBXFileReference; fileEncoding = 4; lastKnownFileType = sourcecode.swift; path = HashableExtensions.swift; sourceTree = "<group>"; };
		184966D2250F7E0100E4815F /* NSAttributedString+Extensions.swift */ = {isa = PBXFileReference; fileEncoding = 4; lastKnownFileType = sourcecode.swift; path = "NSAttributedString+Extensions.swift"; sourceTree = "<group>"; };
		184966D3250F7E0100E4815F /* FileManagerExtension.swift */ = {isa = PBXFileReference; fileEncoding = 4; lastKnownFileType = sourcecode.swift; path = FileManagerExtension.swift; sourceTree = "<group>"; };
		184966D4250F7E0100E4815F /* FloatingPointExtensions.swift */ = {isa = PBXFileReference; fileEncoding = 4; lastKnownFileType = sourcecode.swift; path = FloatingPointExtensions.swift; sourceTree = "<group>"; };
		184966D5250F7E0100E4815F /* NSDictionaryExtensions.swift */ = {isa = PBXFileReference; fileEncoding = 4; lastKnownFileType = sourcecode.swift; path = NSDictionaryExtensions.swift; sourceTree = "<group>"; };
		184966D6250F7E0100E4815F /* NSObjectExtensions.swift */ = {isa = PBXFileReference; fileEncoding = 4; lastKnownFileType = sourcecode.swift; path = NSObjectExtensions.swift; sourceTree = "<group>"; };
		184966D8250F7E0100E4815F /* QorumLogs.swift */ = {isa = PBXFileReference; fileEncoding = 4; lastKnownFileType = sourcecode.swift; path = QorumLogs.swift; sourceTree = "<group>"; };
		184966D9250F7E0100E4815F /* SwiftNormal.swift */ = {isa = PBXFileReference; fileEncoding = 4; lastKnownFileType = sourcecode.swift; path = SwiftNormal.swift; sourceTree = "<group>"; };
		184967202510506900E4815F /* Recipe-Bridging-Header.h */ = {isa = PBXFileReference; lastKnownFileType = sourcecode.c.h; path = "Recipe-Bridging-Header.h"; sourceTree = "<group>"; };
		184967262510513600E4815F /* MoyaAPI.swift */ = {isa = PBXFileReference; fileEncoding = 4; lastKnownFileType = sourcecode.swift; path = MoyaAPI.swift; sourceTree = "<group>"; };
		184967332510563100E4815F /* HomeViewController.swift */ = {isa = PBXFileReference; lastKnownFileType = sourcecode.swift; path = HomeViewController.swift; sourceTree = "<group>"; };
		1849673D2510575300E4815F /* MineViewController.swift */ = {isa = PBXFileReference; lastKnownFileType = sourcecode.swift; path = MineViewController.swift; sourceTree = "<group>"; };
		1849673F2510579F00E4815F /* ClassificationViewController.swift */ = {isa = PBXFileReference; lastKnownFileType = sourcecode.swift; path = ClassificationViewController.swift; sourceTree = "<group>"; };
		18496743251059E700E4815F /* MineHeaderItemCell.swift */ = {isa = PBXFileReference; fileEncoding = 4; lastKnownFileType = sourcecode.swift; path = MineHeaderItemCell.swift; sourceTree = "<group>"; };
		1849674525105A0900E4815F /* MineHeaderView.swift */ = {isa = PBXFileReference; fileEncoding = 4; lastKnownFileType = sourcecode.swift; path = MineHeaderView.swift; sourceTree = "<group>"; };
		1849674725108D8300E4815F /* ClassificationTableViewCell.swift */ = {isa = PBXFileReference; lastKnownFileType = sourcecode.swift; path = ClassificationTableViewCell.swift; sourceTree = "<group>"; };
		1849674B2510BD5A00E4815F /* DishesListCollectionViewCell.swift */ = {isa = PBXFileReference; lastKnownFileType = sourcecode.swift; path = DishesListCollectionViewCell.swift; sourceTree = "<group>"; };
		1849674E2510D5FB00E4815F /* DishesListCollectionViewHeatherCell.swift */ = {isa = PBXFileReference; lastKnownFileType = sourcecode.swift; path = DishesListCollectionViewHeatherCell.swift; sourceTree = "<group>"; };
		184967542511E53F00E4815F /* HomeHeaderView.swift */ = {isa = PBXFileReference; lastKnownFileType = sourcecode.swift; path = HomeHeaderView.swift; sourceTree = "<group>"; };
		184967562511FD9000E4815F /* HomeDishesListCollectionViewCell.swift */ = {isa = PBXFileReference; lastKnownFileType = sourcecode.swift; path = HomeDishesListCollectionViewCell.swift; sourceTree = "<group>"; };
		1849675825120F4700E4815F /* HomeThemeListCollectionViewCell.swift */ = {isa = PBXFileReference; lastKnownFileType = sourcecode.swift; path = HomeThemeListCollectionViewCell.swift; sourceTree = "<group>"; };
		1849675A2512F97600E4815F /* HomeGoodDishesListCollectionViewCell.swift */ = {isa = PBXFileReference; lastKnownFileType = sourcecode.swift; path = HomeGoodDishesListCollectionViewCell.swift; sourceTree = "<group>"; };
		496ADE17DD7DE35B406AC658 /* Pods-Recipe.release.xcconfig */ = {isa = PBXFileReference; includeInIndex = 1; lastKnownFileType = text.xcconfig; name = "Pods-Recipe.release.xcconfig"; path = "Target Support Files/Pods-Recipe/Pods-Recipe.release.xcconfig"; sourceTree = "<group>"; };
		99027C91C8C7CFA7000B24CB /* Pods-Recipe.debug.xcconfig */ = {isa = PBXFileReference; includeInIndex = 1; lastKnownFileType = text.xcconfig; name = "Pods-Recipe.debug.xcconfig"; path = "Target Support Files/Pods-Recipe/Pods-Recipe.debug.xcconfig"; sourceTree = "<group>"; };
		F0279008270829480E23552A /* Pods_Recipe.framework */ = {isa = PBXFileReference; explicitFileType = wrapper.framework; includeInIndex = 0; path = Pods_Recipe.framework; sourceTree = BUILT_PRODUCTS_DIR; };
/* End PBXFileReference section */

/* Begin PBXFrameworksBuildPhase section */
		184965FF250F67E700E4815F /* Frameworks */ = {
			isa = PBXFrameworksBuildPhase;
			buildActionMask = 2147483647;
			files = (
				C64C77EAF181896941F586D0 /* Pods_Recipe.framework in Frameworks */,
			);
			runOnlyForDeploymentPostprocessing = 0;
		};
		18496615250F67E800E4815F /* Frameworks */ = {
			isa = PBXFrameworksBuildPhase;
			buildActionMask = 2147483647;
			files = (
			);
			runOnlyForDeploymentPostprocessing = 0;
		};
		18496620250F67E800E4815F /* Frameworks */ = {
			isa = PBXFrameworksBuildPhase;
			buildActionMask = 2147483647;
			files = (
			);
			runOnlyForDeploymentPostprocessing = 0;
		};
/* End PBXFrameworksBuildPhase section */

/* Begin PBXGroup section */
		1804EC332514522F00EDC9A5 /* Search */ = {
			isa = PBXGroup;
			children = (
				1804EC362514525900EDC9A5 /* View */,
				1804EC352514525000EDC9A5 /* Model */,
				1804EC342514524500EDC9A5 /* Controller */,
			);
			path = Search;
			sourceTree = "<group>";
		};
		1804EC342514524500EDC9A5 /* Controller */ = {
			isa = PBXGroup;
			children = (
				1804EC3C251452B600EDC9A5 /* SearchKeywordViewController.swift */,
				1804EC372514528600EDC9A5 /* SearchViewController.swift */,
				1804EC41251452C000EDC9A5 /* SearchResultViewController.swift */,
			);
			path = Controller;
			sourceTree = "<group>";
		};
		1804EC352514525000EDC9A5 /* Model */ = {
			isa = PBXGroup;
			children = (
				1804EC552514538000EDC9A5 /* FindHomeModel.swift */,
				1804EC562514538000EDC9A5 /* SearchModel.swift */,
			);
			path = Model;
			sourceTree = "<group>";
		};
		1804EC362514525900EDC9A5 /* View */ = {
			isa = PBXGroup;
			children = (
				1804EC502514535400EDC9A5 /* SearchKeywordReusableView.swift */,
				1804EC4B2514532B00EDC9A5 /* SearchKeywordCell.swift */,
				1804EC46251452FE00EDC9A5 /* NavSearchView.swift */,
				1804EC8525148C7900EDC9A5 /* SearchKeywordResultsListCollectionViewCell.swift */,
			);
			path = View;
			sourceTree = "<group>";
		};
		1804EC8A25149FEA00EDC9A5 /* MenuDetails */ = {
			isa = PBXGroup;
			children = (
				1804EC8B2514A02300EDC9A5 /* Controller */,
			);
			path = MenuDetails;
			sourceTree = "<group>";
		};
		1804EC8B2514A02300EDC9A5 /* Controller */ = {
			isa = PBXGroup;
			children = (
				1804EC8C2514A03400EDC9A5 /* MenuDetailsViewController.swift */,
			);
			path = Controller;
			sourceTree = "<group>";
		};
		184965F9250F67E700E4815F = {
			isa = PBXGroup;
			children = (
				18496604250F67E700E4815F /* Recipe */,
				1849661B250F67E800E4815F /* RecipeTests */,
				18496626250F67E800E4815F /* RecipeUITests */,
				18496603250F67E700E4815F /* Products */,
				EC2D8211345752B51CC90427 /* Pods */,
				CE5AEDF7D88809E0C06A4BDB /* Frameworks */,
			);
			sourceTree = "<group>";
		};
		18496603250F67E700E4815F /* Products */ = {
			isa = PBXGroup;
			children = (
				18496602250F67E700E4815F /* Recipe.app */,
				18496618250F67E800E4815F /* RecipeTests.xctest */,
				18496623250F67E800E4815F /* RecipeUITests.xctest */,
			);
			name = Products;
			sourceTree = "<group>";
		};
		18496604250F67E700E4815F /* Recipe */ = {
			isa = PBXGroup;
			children = (
				18496635250F682500E4815F /* App */,
				18496605250F67E700E4815F /* AppDelegate.swift */,
				1849663D250F6B6F00E4815F /* Configs.swift */,
				1849660B250F67E700E4815F /* Main.storyboard */,
				1849660E250F67E800E4815F /* Assets.xcassets */,
				18496610250F67E800E4815F /* LaunchScreen.storyboard */,
				18496613250F67E800E4815F /* Info.plist */,
				184967202510506900E4815F /* Recipe-Bridging-Header.h */,
			);
			path = Recipe;
			sourceTree = "<group>";
		};
		1849661B250F67E800E4815F /* RecipeTests */ = {
			isa = PBXGroup;
			children = (
				1849661C250F67E800E4815F /* RecipeTests.swift */,
				1849661E250F67E800E4815F /* Info.plist */,
			);
			path = RecipeTests;
			sourceTree = "<group>";
		};
		18496626250F67E800E4815F /* RecipeUITests */ = {
			isa = PBXGroup;
			children = (
				18496627250F67E800E4815F /* RecipeUITests.swift */,
				18496629250F67E800E4815F /* Info.plist */,
			);
			path = RecipeUITests;
			sourceTree = "<group>";
		};
		18496635250F682500E4815F /* App */ = {
			isa = PBXGroup;
			children = (
				184967252510513600E4815F /* API */,
				1849668B250F7E0100E4815F /* Utils */,
				1849663F250F7C7400E4815F /* Base */,
				18496636250F682F00E4815F /* Modules */,
			);
			path = App;
			sourceTree = "<group>";
		};
		18496636250F682F00E4815F /* Modules */ = {
			isa = PBXGroup;
			children = (
				1849663C250F68DA00E4815F /* Classification */,
				1849663B250F689E00E4815F /* Mine */,
				1849663A250F689500E4815F /* Home */,
				18496637250F684100E4815F /* Main */,
			);
			path = Modules;
			sourceTree = "<group>";
		};
		18496637250F684100E4815F /* Main */ = {
			isa = PBXGroup;
			children = (
				18496689250F7CBB00E4815F /* MainTabBarViewController.swift */,
			);
			path = Main;
			sourceTree = "<group>";
		};
		1849663A250F689500E4815F /* Home */ = {
			isa = PBXGroup;
			children = (
				1804EC8A25149FEA00EDC9A5 /* MenuDetails */,
				1804EC332514522F00EDC9A5 /* Search */,
				1849673B2510572C00E4815F /* Model */,
				1849673C2510572C00E4815F /* View */,
				184967282510555400E4815F /* Controller */,
			);
			path = Home;
			sourceTree = "<group>";
		};
		1849663B250F689E00E4815F /* Mine */ = {
			isa = PBXGroup;
			children = (
				18496737251056DD00E4815F /* Model */,
				18496736251056DD00E4815F /* View */,
				18496735251056C400E4815F /* Controller */,
			);
			path = Mine;
			sourceTree = "<group>";
		};
		1849663C250F68DA00E4815F /* Classification */ = {
			isa = PBXGroup;
			children = (
				18496738251056FE00E4815F /* Controller */,
				18496739251056FE00E4815F /* Model */,
				1849673A251056FE00E4815F /* View */,
			);
			path = Classification;
			sourceTree = "<group>";
		};
		1849663F250F7C7400E4815F /* Base */ = {
			isa = PBXGroup;
			children = (
				18496640250F7C7400E4815F /* VersionUpdate */,
				18496642250F7C7400E4815F /* Pop */,
				18496656250F7C7400E4815F /* NavigationController */,
				18496658250F7C7400E4815F /* BaseView */,
				1849665D250F7C7400E4815F /* BaseViewController */,
				18496661250F7C7400E4815F /* BaseCell */,
				18496666250F7C7400E4815F /* BaseTableViewController */,
			);
			path = Base;
			sourceTree = "<group>";
		};
		18496640250F7C7400E4815F /* VersionUpdate */ = {
			isa = PBXGroup;
			children = (
				18496641250F7C7400E4815F /* VersionUpdateViewController.swift */,
			);
			path = VersionUpdate;
			sourceTree = "<group>";
		};
		18496642250F7C7400E4815F /* Pop */ = {
			isa = PBXGroup;
			children = (
				18496643250F7C7400E4815F /* PrivacyPolicyPopVC.swift */,
				18496644250F7C7400E4815F /* CommonAlertController.swift */,
				18496645250F7C7400E4815F /* ShareView */,
			);
			path = Pop;
			sourceTree = "<group>";
		};
		18496645250F7C7400E4815F /* ShareView */ = {
			isa = PBXGroup;
			children = (
				18496646250F7C7400E4815F /* ShareView.swift */,
				18496647250F7C7400E4815F /* ShareContentView.swift */,
				18496648250F7C7400E4815F /* resource */,
				18496655250F7C7400E4815F /* ShareItemCell.swift */,
			);
			path = ShareView;
			sourceTree = "<group>";
		};
		18496648250F7C7400E4815F /* resource */ = {
			isa = PBXGroup;
			children = (
				18496649250F7C7400E4815F /* ico-qq@3x.png */,
				1849664A250F7C7400E4815F /* ico-qq@2x.png */,
				1849664B250F7C7400E4815F /* ico-wechat@2x.png */,
				1849664C250F7C7400E4815F /* ico-qzone@3x.png */,
				1849664D250F7C7400E4815F /* ico-cof@2x.png */,
				1849664E250F7C7400E4815F /* ico-cof@3x.png */,
				1849664F250F7C7400E4815F /* ico-qzone@2x.png */,
				18496650250F7C7400E4815F /* ico-wechat@3x.png */,
				18496651250F7C7400E4815F /* ico-savepic@3x.png */,
				18496652250F7C7400E4815F /* ico-weibo@2x.png */,
				18496653250F7C7400E4815F /* ico-weibo@3x.png */,
				18496654250F7C7400E4815F /* ico-savepic@2x.png */,
			);
			path = resource;
			sourceTree = "<group>";
		};
		18496656250F7C7400E4815F /* NavigationController */ = {
			isa = PBXGroup;
			children = (
				18496657250F7C7400E4815F /* NavigationController.swift */,
			);
			path = NavigationController;
			sourceTree = "<group>";
		};
		18496658250F7C7400E4815F /* BaseView */ = {
			isa = PBXGroup;
			children = (
				18496659250F7C7400E4815F /* NavigationView.swift */,
				1849665A250F7C7400E4815F /* navigationbar_back@2x.png */,
				1849665B250F7C7400E4815F /* navigationbar_back@3x.png */,
				1849665C250F7C7400E4815F /* BaseView.swift */,
			);
			path = BaseView;
			sourceTree = "<group>";
		};
		1849665D250F7C7400E4815F /* BaseViewController */ = {
			isa = PBXGroup;
			children = (
				1849665E250F7C7400E4815F /* ViewController.swift */,
				1849665F250F7C7400E4815F /* WebViewController.swift */,
				18496660250F7C7400E4815F /* DZNEmptyDataSetSource+Extensions.swift */,
			);
			path = BaseViewController;
			sourceTree = "<group>";
		};
		18496661250F7C7400E4815F /* BaseCell */ = {
			isa = PBXGroup;
			children = (
				18496662250F7C7400E4815F /* TableCornersCell.swift */,
				18496663250F7C7400E4815F /* TableViewCell.swift */,
				18496664250F7C7400E4815F /* CollectionViewCell.swift */,
				18496665250F7C7400E4815F /* TableViewHeaderFooterView.swift */,
			);
			path = BaseCell;
			sourceTree = "<group>";
		};
		18496666250F7C7400E4815F /* BaseTableViewController */ = {
			isa = PBXGroup;
			children = (
				18496667250F7C7400E4815F /* PlainTableViewController.swift */,
				18496668250F7C7400E4815F /* GroupTableViewController.swift */,
			);
			path = BaseTableViewController;
			sourceTree = "<group>";
		};
		1849668B250F7E0100E4815F /* Utils */ = {
			isa = PBXGroup;
			children = (
				1849668C250F7E0100E4815F /* Progress */,
				1849668E250F7E0100E4815F /* NetWork */,
				18496694250F7E0100E4815F /* YYText */,
				18496696250F7E0100E4815F /* UICollectionView */,
				18496699250F7E0100E4815F /* Extensions */,
				184966D7250F7E0100E4815F /* Logs */,
				184966D9250F7E0100E4815F /* SwiftNormal.swift */,
			);
			path = Utils;
			sourceTree = "<group>";
		};
		1849668C250F7E0100E4815F /* Progress */ = {
			isa = PBXGroup;
			children = (
				1849668D250F7E0100E4815F /* RPCircularProgress.swift */,
			);
			path = Progress;
			sourceTree = "<group>";
		};
		1849668E250F7E0100E4815F /* NetWork */ = {
			isa = PBXGroup;
			children = (
				1849668F250F7E0100E4815F /* MoyaResponse.swift */,
				18496690250F7E0100E4815F /* MoyaResponseResult.swift */,
				18496691250F7E0100E4815F /* MoyaRequestProtocol.swift */,
				18496692250F7E0100E4815F /* MoyaNetworkManager.swift */,
				18496693250F7E0100E4815F /* MoyaConfig.swift */,
			);
			path = NetWork;
			sourceTree = "<group>";
		};
		18496694250F7E0100E4815F /* YYText */ = {
			isa = PBXGroup;
			children = (
				18496695250F7E0100E4815F /* TextLinePositionModifier.swift */,
			);
			path = YYText;
			sourceTree = "<group>";
		};
		18496696250F7E0100E4815F /* UICollectionView */ = {
			isa = PBXGroup;
			children = (
				18496697250F7E0100E4815F /* AlignedCollectionViewFlowLayout.swift */,
				18496698250F7E0100E4815F /* MYCollectionViewFlowLayout.swift */,
			);
			path = UICollectionView;
			sourceTree = "<group>";
		};
		18496699250F7E0100E4815F /* Extensions */ = {
			isa = PBXGroup;
			children = (
				1849669A250F7E0100E4815F /* UIView */,
				184966AA250F7E0100E4815F /* UIKit */,
				184966C3250F7E0100E4815F /* EZ.swift */,
				184966C4250F7E0100E4815F /* UIController */,
				184966C6250F7E0100E4815F /* Action */,
				184966CD250F7E0100E4815F /* PathManager.swift */,
				184966CE250F7E0100E4815F /* EZ+Extensions.swift */,
				184966CF250F7E0100E4815F /* TextExtension */,
			);
			path = Extensions;
			sourceTree = "<group>";
		};
		1849669A250F7E0100E4815F /* UIView */ = {
			isa = PBXGroup;
			children = (
				1849669B250F7E0100E4815F /* UIButton+Extensions.swift */,
				1849669C250F7E0100E4815F /* UIView+Extensions.swift */,
				1849669D250F7E0100E4815F /* UITextFieldExtensions.swift */,
				1849669E250F7E0100E4815F /* UITextViewExtensions.swift */,
				1849669F250F7E0100E4815F /* UIStoryboardExtensions.swift */,
				184966A0250F7E0100E4815F /* UISliderExtensions.swift */,
				184966A1250F7E0100E4815F /* UICollectionViewCell+Extensions.swift */,
				184966A2250F7E0100E4815F /* UIViewExtensions.swift */,
				184966A3250F7E0100E4815F /* UITableViewCell+Extensions.swift */,
				184966A4250F7E0100E4815F /* UIBarButtonItem+Extension.swift */,
				184966A5250F7E0100E4815F /* UIWindowExtensions.swift */,
				184966A6250F7E0100E4815F /* UILabelExtensions.swift */,
				184966A7250F7E0100E4815F /* UIApplicationExtensions.swift */,
				184966A8250F7E0100E4815F /* UIImageViewExtensions.swift */,
				184966A9250F7E0100E4815F /* UIAlertControllerExtensions.swift */,
			);
			path = UIView;
			sourceTree = "<group>";
		};
		184966AA250F7E0100E4815F /* UIKit */ = {
			isa = PBXGroup;
			children = (
				184966AB250F7E0100E4815F /* Array+Extensions.swift */,
				184966AC250F7E0100E4815F /* Int+Extensions.swift */,
				184966AD250F7E0100E4815F /* CGRectExtensions.swift */,
				184966AE250F7E0100E4815F /* CGFloatExtensions.swift */,
				184966AF250F7E0100E4815F /* ArrayExtensions.swift */,
				184966B0250F7E0100E4815F /* PHAsset+Extensions.swift */,
				184966B1250F7E0100E4815F /* String+Extensions.swift */,
				184966B2250F7E0100E4815F /* Bool+Extensions.swift */,
				184966B3250F7E0100E4815F /* UIColor+Extensions.swift */,
				184966B4250F7E0100E4815F /* UIImage+Extensions.swift */,
				184966B5250F7E0100E4815F /* CGPointExtensions.swift */,
				184966B6250F7E0100E4815F /* TimerExtensions.swift */,
				184966B7250F7E0100E4815F /* DictionaryExtensions.swift */,
				184966B8250F7E0100E4815F /* StringExtensions.swift */,
				184966B9250F7E0100E4815F /* TimePassed.swift */,
				184966BA250F7E0100E4815F /* DoubleExtensions.swift */,
				184966BB250F7E0100E4815F /* CollectionsExtension.swift */,
				184966BC250F7E0100E4815F /* UIImageExtensions.swift */,
				184966BD250F7E0100E4815F /* BundleExtensions.swift */,
				184966BE250F7E0100E4815F /* CharacterExtensions.swift */,
				184966BF250F7E0100E4815F /* SynchronizedDictionary.swift */,
				184966C0250F7E0100E4815F /* DateExtensions.swift */,
				184966C1250F7E0100E4815F /* Date+Extensions.swift */,
				184966C2250F7E0100E4815F /* UIEdgeInsets.swift */,
			);
			path = UIKit;
			sourceTree = "<group>";
		};
		184966C4250F7E0100E4815F /* UIController */ = {
			isa = PBXGroup;
			children = (
				184966C5250F7E0100E4815F /* UIViewControllerExtensions.swift */,
			);
			path = UIController;
			sourceTree = "<group>";
		};
		184966C6250F7E0100E4815F /* Action */ = {
			isa = PBXGroup;
			children = (
				184966C7250F7E0100E4815F /* BlockPan.swift */,
				184966C8250F7E0100E4815F /* BlockSwipe.swift */,
				184966C9250F7E0100E4815F /* BlockPinch.swift */,
				184966CA250F7E0100E4815F /* BlockButton.swift */,
				184966CB250F7E0100E4815F /* BlockTap.swift */,
				184966CC250F7E0100E4815F /* BlockLongPress.swift */,
			);
			path = Action;
			sourceTree = "<group>";
		};
		184966CF250F7E0100E4815F /* TextExtension */ = {
			isa = PBXGroup;
			children = (
				184966D0250F7E0100E4815F /* NSMutableAttributedString+Extensions.swift */,
				184966D1250F7E0100E4815F /* HashableExtensions.swift */,
				184966D2250F7E0100E4815F /* NSAttributedString+Extensions.swift */,
				184966D3250F7E0100E4815F /* FileManagerExtension.swift */,
				184966D4250F7E0100E4815F /* FloatingPointExtensions.swift */,
				184966D5250F7E0100E4815F /* NSDictionaryExtensions.swift */,
				184966D6250F7E0100E4815F /* NSObjectExtensions.swift */,
			);
			path = TextExtension;
			sourceTree = "<group>";
		};
		184966D7250F7E0100E4815F /* Logs */ = {
			isa = PBXGroup;
			children = (
				184966D8250F7E0100E4815F /* QorumLogs.swift */,
			);
			path = Logs;
			sourceTree = "<group>";
		};
		184967252510513600E4815F /* API */ = {
			isa = PBXGroup;
			children = (
				184967262510513600E4815F /* MoyaAPI.swift */,
			);
			path = API;
			sourceTree = "<group>";
		};
		184967282510555400E4815F /* Controller */ = {
			isa = PBXGroup;
			children = (
				184967332510563100E4815F /* HomeViewController.swift */,
			);
			path = Controller;
			sourceTree = "<group>";
		};
		18496735251056C400E4815F /* Controller */ = {
			isa = PBXGroup;
			children = (
				1849673D2510575300E4815F /* MineViewController.swift */,
			);
			path = Controller;
			sourceTree = "<group>";
		};
		18496736251056DD00E4815F /* View */ = {
			isa = PBXGroup;
			children = (
				1849674525105A0900E4815F /* MineHeaderView.swift */,
				18496743251059E700E4815F /* MineHeaderItemCell.swift */,
			);
			path = View;
			sourceTree = "<group>";
		};
		18496737251056DD00E4815F /* Model */ = {
			isa = PBXGroup;
			children = (
			);
			path = Model;
			sourceTree = "<group>";
		};
		18496738251056FE00E4815F /* Controller */ = {
			isa = PBXGroup;
			children = (
				1849673F2510579F00E4815F /* ClassificationViewController.swift */,
			);
			path = Controller;
			sourceTree = "<group>";
		};
		18496739251056FE00E4815F /* Model */ = {
			isa = PBXGroup;
			children = (
			);
			path = Model;
			sourceTree = "<group>";
		};
		1849673A251056FE00E4815F /* View */ = {
			isa = PBXGroup;
			children = (
				1849674725108D8300E4815F /* ClassificationTableViewCell.swift */,
				1849674B2510BD5A00E4815F /* DishesListCollectionViewCell.swift */,
				1849674E2510D5FB00E4815F /* DishesListCollectionViewHeatherCell.swift */,
			);
			path = View;
			sourceTree = "<group>";
		};
		1849673B2510572C00E4815F /* Model */ = {
			isa = PBXGroup;
			children = (
				1804EC802514565700EDC9A5 /* HomeImageModel.swift */,
			);
			path = Model;
			sourceTree = "<group>";
		};
		1849673C2510572C00E4815F /* View */ = {
			isa = PBXGroup;
			children = (
				184967542511E53F00E4815F /* HomeHeaderView.swift */,
				184967562511FD9000E4815F /* HomeDishesListCollectionViewCell.swift */,
				1849675A2512F97600E4815F /* HomeGoodDishesListCollectionViewCell.swift */,
				1849675825120F4700E4815F /* HomeThemeListCollectionViewCell.swift */,
			);
			path = View;
			sourceTree = "<group>";
		};
		CE5AEDF7D88809E0C06A4BDB /* Frameworks */ = {
			isa = PBXGroup;
			children = (
				F0279008270829480E23552A /* Pods_Recipe.framework */,
			);
			name = Frameworks;
			sourceTree = "<group>";
		};
		EC2D8211345752B51CC90427 /* Pods */ = {
			isa = PBXGroup;
			children = (
				99027C91C8C7CFA7000B24CB /* Pods-Recipe.debug.xcconfig */,
				496ADE17DD7DE35B406AC658 /* Pods-Recipe.release.xcconfig */,
			);
			path = Pods;
			sourceTree = "<group>";
		};
/* End PBXGroup section */

/* Begin PBXNativeTarget section */
		18496601250F67E700E4815F /* Recipe */ = {
			isa = PBXNativeTarget;
			buildConfigurationList = 1849662C250F67E800E4815F /* Build configuration list for PBXNativeTarget "Recipe" */;
			buildPhases = (
				77C79B03E8FC3244480EA1C5 /* [CP] Check Pods Manifest.lock */,
				184965FE250F67E700E4815F /* Sources */,
				184965FF250F67E700E4815F /* Frameworks */,
				18496600250F67E700E4815F /* Resources */,
				6A4AEA44BA34ADDE2A02CC88 /* [CP] Embed Pods Frameworks */,
			);
			buildRules = (
			);
			dependencies = (
			);
			name = Recipe;
			productName = Recipe;
			productReference = 18496602250F67E700E4815F /* Recipe.app */;
			productType = "com.apple.product-type.application";
		};
		18496617250F67E800E4815F /* RecipeTests */ = {
			isa = PBXNativeTarget;
			buildConfigurationList = 1849662F250F67E800E4815F /* Build configuration list for PBXNativeTarget "RecipeTests" */;
			buildPhases = (
				18496614250F67E800E4815F /* Sources */,
				18496615250F67E800E4815F /* Frameworks */,
				18496616250F67E800E4815F /* Resources */,
			);
			buildRules = (
			);
			dependencies = (
				1849661A250F67E800E4815F /* PBXTargetDependency */,
			);
			name = RecipeTests;
			productName = RecipeTests;
			productReference = 18496618250F67E800E4815F /* RecipeTests.xctest */;
			productType = "com.apple.product-type.bundle.unit-test";
		};
		18496622250F67E800E4815F /* RecipeUITests */ = {
			isa = PBXNativeTarget;
			buildConfigurationList = 18496632250F67E800E4815F /* Build configuration list for PBXNativeTarget "RecipeUITests" */;
			buildPhases = (
				1849661F250F67E800E4815F /* Sources */,
				18496620250F67E800E4815F /* Frameworks */,
				18496621250F67E800E4815F /* Resources */,
			);
			buildRules = (
			);
			dependencies = (
				18496625250F67E800E4815F /* PBXTargetDependency */,
			);
			name = RecipeUITests;
			productName = RecipeUITests;
			productReference = 18496623250F67E800E4815F /* RecipeUITests.xctest */;
			productType = "com.apple.product-type.bundle.ui-testing";
		};
/* End PBXNativeTarget section */

/* Begin PBXProject section */
		184965FA250F67E700E4815F /* Project object */ = {
			isa = PBXProject;
			attributes = {
				LastSwiftUpdateCheck = 1170;
				LastUpgradeCheck = 1170;
				ORGANIZATIONNAME = apple;
				TargetAttributes = {
					18496601250F67E700E4815F = {
						CreatedOnToolsVersion = 11.7;
						LastSwiftMigration = 1170;
					};
					18496617250F67E800E4815F = {
						CreatedOnToolsVersion = 11.7;
						TestTargetID = 18496601250F67E700E4815F;
					};
					18496622250F67E800E4815F = {
						CreatedOnToolsVersion = 11.7;
						TestTargetID = 18496601250F67E700E4815F;
					};
				};
			};
			buildConfigurationList = 184965FD250F67E700E4815F /* Build configuration list for PBXProject "Recipe" */;
			compatibilityVersion = "Xcode 9.3";
			developmentRegion = en;
			hasScannedForEncodings = 0;
			knownRegions = (
				en,
				Base,
			);
			mainGroup = 184965F9250F67E700E4815F;
			productRefGroup = 18496603250F67E700E4815F /* Products */;
			projectDirPath = "";
			projectRoot = "";
			targets = (
				18496601250F67E700E4815F /* Recipe */,
				18496617250F67E800E4815F /* RecipeTests */,
				18496622250F67E800E4815F /* RecipeUITests */,
			);
		};
/* End PBXProject section */

/* Begin PBXResourcesBuildPhase section */
		18496600250F67E700E4815F /* Resources */ = {
			isa = PBXResourcesBuildPhase;
			buildActionMask = 2147483647;
			files = (
				18496678250F7C7400E4815F /* ico-weibo@3x.png in Resources */,
				18496670250F7C7400E4815F /* ico-wechat@2x.png in Resources */,
				18496612250F67E800E4815F /* LaunchScreen.storyboard in Resources */,
				18496677250F7C7400E4815F /* ico-weibo@2x.png in Resources */,
				1849666E250F7C7400E4815F /* ico-qq@3x.png in Resources */,
				18496672250F7C7400E4815F /* ico-cof@2x.png in Resources */,
				18496679250F7C7400E4815F /* ico-savepic@2x.png in Resources */,
				1849660F250F67E800E4815F /* Assets.xcassets in Resources */,
				1849667E250F7C7400E4815F /* navigationbar_back@3x.png in Resources */,
				18496671250F7C7400E4815F /* ico-qzone@3x.png in Resources */,
				18496673250F7C7400E4815F /* ico-cof@3x.png in Resources */,
				18496676250F7C7400E4815F /* ico-savepic@3x.png in Resources */,
				1849667D250F7C7400E4815F /* navigationbar_back@2x.png in Resources */,
				1849666F250F7C7400E4815F /* ico-qq@2x.png in Resources */,
				18496674250F7C7400E4815F /* ico-qzone@2x.png in Resources */,
				1849660D250F67E700E4815F /* Main.storyboard in Resources */,
				18496675250F7C7400E4815F /* ico-wechat@3x.png in Resources */,
			);
			runOnlyForDeploymentPostprocessing = 0;
		};
		18496616250F67E800E4815F /* Resources */ = {
			isa = PBXResourcesBuildPhase;
			buildActionMask = 2147483647;
			files = (
			);
			runOnlyForDeploymentPostprocessing = 0;
		};
		18496621250F67E800E4815F /* Resources */ = {
			isa = PBXResourcesBuildPhase;
			buildActionMask = 2147483647;
			files = (
			);
			runOnlyForDeploymentPostprocessing = 0;
		};
/* End PBXResourcesBuildPhase section */

/* Begin PBXShellScriptBuildPhase section */
		6A4AEA44BA34ADDE2A02CC88 /* [CP] Embed Pods Frameworks */ = {
			isa = PBXShellScriptBuildPhase;
			buildActionMask = 2147483647;
			files = (
			);
			inputFileListPaths = (
				"${PODS_ROOT}/Target Support Files/Pods-Recipe/Pods-Recipe-frameworks-${CONFIGURATION}-input-files.xcfilelist",
			);
			name = "[CP] Embed Pods Frameworks";
			outputFileListPaths = (
				"${PODS_ROOT}/Target Support Files/Pods-Recipe/Pods-Recipe-frameworks-${CONFIGURATION}-output-files.xcfilelist",
			);
			runOnlyForDeploymentPostprocessing = 0;
			shellPath = /bin/sh;
			shellScript = "\"${PODS_ROOT}/Target Support Files/Pods-Recipe/Pods-Recipe-frameworks.sh\"\n";
			showEnvVarsInLog = 0;
		};
		77C79B03E8FC3244480EA1C5 /* [CP] Check Pods Manifest.lock */ = {
			isa = PBXShellScriptBuildPhase;
			buildActionMask = 2147483647;
			files = (
			);
			inputFileListPaths = (
			);
			inputPaths = (
				"${PODS_PODFILE_DIR_PATH}/Podfile.lock",
				"${PODS_ROOT}/Manifest.lock",
			);
			name = "[CP] Check Pods Manifest.lock";
			outputFileListPaths = (
			);
			outputPaths = (
				"$(DERIVED_FILE_DIR)/Pods-Recipe-checkManifestLockResult.txt",
			);
			runOnlyForDeploymentPostprocessing = 0;
			shellPath = /bin/sh;
			shellScript = "diff \"${PODS_PODFILE_DIR_PATH}/Podfile.lock\" \"${PODS_ROOT}/Manifest.lock\" > /dev/null\nif [ $? != 0 ] ; then\n    # print error to STDERR\n    echo \"error: The sandbox is not in sync with the Podfile.lock. Run 'pod install' or update your CocoaPods installation.\" >&2\n    exit 1\nfi\n# This output is used by Xcode 'outputs' to avoid re-running this script phase.\necho \"SUCCESS\" > \"${SCRIPT_OUTPUT_FILE_0}\"\n";
			showEnvVarsInLog = 0;
		};
/* End PBXShellScriptBuildPhase section */

/* Begin PBXSourcesBuildPhase section */
		184965FE250F67E700E4815F /* Sources */ = {
			isa = PBXSourcesBuildPhase;
			buildActionMask = 2147483647;
			files = (
				184966DF250F7E0100E4815F /* MoyaConfig.swift in Sources */,
				18496710250F7E0100E4815F /* BlockTap.swift in Sources */,
				18496718250F7E0100E4815F /* FloatingPointExtensions.swift in Sources */,
				184966E6250F7E0100E4815F /* UITextViewExtensions.swift in Sources */,
				1804EC8D2514A03400EDC9A5 /* MenuDetailsViewController.swift in Sources */,
				18496683250F7C7400E4815F /* TableCornersCell.swift in Sources */,
				184967342510563100E4815F /* HomeViewController.swift in Sources */,
				1804EC47251452FE00EDC9A5 /* NavSearchView.swift in Sources */,
				1849667B250F7C7400E4815F /* NavigationController.swift in Sources */,
				1849675925120F4700E4815F /* HomeThemeListCollectionViewCell.swift in Sources */,
				184966EF250F7E0100E4815F /* UIApplicationExtensions.swift in Sources */,
				184966E5250F7E0100E4815F /* UITextFieldExtensions.swift in Sources */,
				184966F5250F7E0100E4815F /* CGFloatExtensions.swift in Sources */,
				1849667F250F7C7400E4815F /* BaseView.swift in Sources */,
				1804EC4C2514532B00EDC9A5 /* SearchKeywordCell.swift in Sources */,
				1849671C250F7E0100E4815F /* SwiftNormal.swift in Sources */,
				1849670A250F7E0100E4815F /* EZ.swift in Sources */,
				184966E1250F7E0100E4815F /* AlignedCollectionViewFlowLayout.swift in Sources */,
				18496703250F7E0100E4815F /* UIImageExtensions.swift in Sources */,
				1849670F250F7E0100E4815F /* BlockButton.swift in Sources */,
				18496687250F7C7400E4815F /* PlainTableViewController.swift in Sources */,
				184966E4250F7E0100E4815F /* UIView+Extensions.swift in Sources */,
				18496684250F7C7400E4815F /* TableViewCell.swift in Sources */,
				184966FD250F7E0100E4815F /* TimerExtensions.swift in Sources */,
				184966F3250F7E0100E4815F /* Int+Extensions.swift in Sources */,
				18496717250F7E0100E4815F /* FileManagerExtension.swift in Sources */,
				184966EA250F7E0100E4815F /* UIViewExtensions.swift in Sources */,
				184966E0250F7E0100E4815F /* TextLinePositionModifier.swift in Sources */,
				1849675B2512F97600E4815F /* HomeGoodDishesListCollectionViewCell.swift in Sources */,
				18496744251059E700E4815F /* MineHeaderItemCell.swift in Sources */,
				18496686250F7C7400E4815F /* TableViewHeaderFooterView.swift in Sources */,
				1849670C250F7E0100E4815F /* BlockPan.swift in Sources */,
				1849667A250F7C7400E4815F /* ShareItemCell.swift in Sources */,
				1849674825108D8300E4815F /* ClassificationTableViewCell.swift in Sources */,
				184966DA250F7E0100E4815F /* RPCircularProgress.swift in Sources */,
				1849666C250F7C7400E4815F /* ShareView.swift in Sources */,
				18496719250F7E0100E4815F /* NSDictionaryExtensions.swift in Sources */,
				184966F2250F7E0100E4815F /* Array+Extensions.swift in Sources */,
				18496680250F7C7400E4815F /* ViewController.swift in Sources */,
				18496706250F7E0100E4815F /* SynchronizedDictionary.swift in Sources */,
				18496715250F7E0100E4815F /* HashableExtensions.swift in Sources */,
				18496713250F7E0100E4815F /* EZ+Extensions.swift in Sources */,
				184966E8250F7E0100E4815F /* UISliderExtensions.swift in Sources */,
				18496708250F7E0100E4815F /* Date+Extensions.swift in Sources */,
				1849670E250F7E0100E4815F /* BlockPinch.swift in Sources */,
				184966F9250F7E0100E4815F /* Bool+Extensions.swift in Sources */,
				1849668A250F7CBB00E4815F /* MainTabBarViewController.swift in Sources */,
				1849674F2510D5FB00E4815F /* DishesListCollectionViewHeatherCell.swift in Sources */,
				1849666B250F7C7400E4815F /* CommonAlertController.swift in Sources */,
				18496709250F7E0100E4815F /* UIEdgeInsets.swift in Sources */,
				184966FA250F7E0100E4815F /* UIColor+Extensions.swift in Sources */,
				1804EC8625148C7900EDC9A5 /* SearchKeywordResultsListCollectionViewCell.swift in Sources */,
				184966E7250F7E0100E4815F /* UIStoryboardExtensions.swift in Sources */,
				1849670D250F7E0100E4815F /* BlockSwipe.swift in Sources */,
				184967272510513600E4815F /* MoyaAPI.swift in Sources */,
				1849671A250F7E0100E4815F /* NSObjectExtensions.swift in Sources */,
				184966F1250F7E0100E4815F /* UIAlertControllerExtensions.swift in Sources */,
				184966F4250F7E0100E4815F /* CGRectExtensions.swift in Sources */,
				1804EC382514528600EDC9A5 /* SearchViewController.swift in Sources */,
				184966DE250F7E0100E4815F /* MoyaNetworkManager.swift in Sources */,
				1849671B250F7E0100E4815F /* QorumLogs.swift in Sources */,
				18496669250F7C7400E4815F /* VersionUpdateViewController.swift in Sources */,
				18496701250F7E0100E4815F /* DoubleExtensions.swift in Sources */,
				1804EC582514538000EDC9A5 /* SearchModel.swift in Sources */,
				1849666A250F7C7400E4815F /* PrivacyPolicyPopVC.swift in Sources */,
				18496685250F7C7400E4815F /* CollectionViewCell.swift in Sources */,
				184966F6250F7E0100E4815F /* ArrayExtensions.swift in Sources */,
				184966DC250F7E0100E4815F /* MoyaResponseResult.swift in Sources */,
				1849666D250F7C7400E4815F /* ShareContentView.swift in Sources */,
				1849663E250F6B6F00E4815F /* Configs.swift in Sources */,
				18496700250F7E0100E4815F /* TimePassed.swift in Sources */,
				184966FB250F7E0100E4815F /* UIImage+Extensions.swift in Sources */,
				184966FC250F7E0100E4815F /* CGPointExtensions.swift in Sources */,
				1804EC512514535400EDC9A5 /* SearchKeywordReusableView.swift in Sources */,
				18496606250F67E700E4815F /* AppDelegate.swift in Sources */,
				18496702250F7E0100E4815F /* CollectionsExtension.swift in Sources */,
				184967402510579F00E4815F /* ClassificationViewController.swift in Sources */,
				1804EC3D251452B600EDC9A5 /* SearchKeywordViewController.swift in Sources */,
				1849667C250F7C7400E4815F /* NavigationView.swift in Sources */,
				184966DD250F7E0100E4815F /* MoyaRequestProtocol.swift in Sources */,
				1849673E2510575300E4815F /* MineViewController.swift in Sources */,
				184966FE250F7E0100E4815F /* DictionaryExtensions.swift in Sources */,
				18496707250F7E0100E4815F /* DateExtensions.swift in Sources */,
				18496712250F7E0100E4815F /* PathManager.swift in Sources */,
				184967572511FD9000E4815F /* HomeDishesListCollectionViewCell.swift in Sources */,
				184966DB250F7E0100E4815F /* MoyaResponse.swift in Sources */,
				184966EE250F7E0100E4815F /* UILabelExtensions.swift in Sources */,
				1849674625105A0900E4815F /* MineHeaderView.swift in Sources */,
				184966F8250F7E0100E4815F /* String+Extensions.swift in Sources */,
				184966EC250F7E0100E4815F /* UIBarButtonItem+Extension.swift in Sources */,
				1849674C2510BD5A00E4815F /* DishesListCollectionViewCell.swift in Sources */,
				184966E2250F7E0100E4815F /* MYCollectionViewFlowLayout.swift in Sources */,
				184966ED250F7E0100E4815F /* UIWindowExtensions.swift in Sources */,
				184966FF250F7E0100E4815F /* StringExtensions.swift in Sources */,
				18496681250F7C7400E4815F /* WebViewController.swift in Sources */,
				18496705250F7E0100E4815F /* CharacterExtensions.swift in Sources */,
				1804EC812514565700EDC9A5 /* HomeImageModel.swift in Sources */,
				184966F7250F7E0100E4815F /* PHAsset+Extensions.swift in Sources */,
				18496682250F7C7400E4815F /* DZNEmptyDataSetSource+Extensions.swift in Sources */,
				1849670B250F7E0100E4815F /* UIViewControllerExtensions.swift in Sources */,
				184966EB250F7E0100E4815F /* UITableViewCell+Extensions.swift in Sources */,
				1804EC572514538000EDC9A5 /* FindHomeModel.swift in Sources */,
				18496704250F7E0100E4815F /* BundleExtensions.swift in Sources */,
				18496714250F7E0100E4815F /* NSMutableAttributedString+Extensions.swift in Sources */,
				18496688250F7C7400E4815F /* GroupTableViewController.swift in Sources */,
				184966E3250F7E0100E4815F /* UIButton+Extensions.swift in Sources */,
				18496711250F7E0100E4815F /* BlockLongPress.swift in Sources */,
				18496716250F7E0100E4815F /* NSAttributedString+Extensions.swift in Sources */,
				184966F0250F7E0100E4815F /* UIImageViewExtensions.swift in Sources */,
				184967552511E53F00E4815F /* HomeHeaderView.swift in Sources */,
				1804EC42251452C000EDC9A5 /* SearchResultViewController.swift in Sources */,
				184966E9250F7E0100E4815F /* UICollectionViewCell+Extensions.swift in Sources */,
			);
			runOnlyForDeploymentPostprocessing = 0;
		};
		18496614250F67E800E4815F /* Sources */ = {
			isa = PBXSourcesBuildPhase;
			buildActionMask = 2147483647;
			files = (
				1849661D250F67E800E4815F /* RecipeTests.swift in Sources */,
			);
			runOnlyForDeploymentPostprocessing = 0;
		};
		1849661F250F67E800E4815F /* Sources */ = {
			isa = PBXSourcesBuildPhase;
			buildActionMask = 2147483647;
			files = (
				18496628250F67E800E4815F /* RecipeUITests.swift in Sources */,
			);
			runOnlyForDeploymentPostprocessing = 0;
		};
/* End PBXSourcesBuildPhase section */

/* Begin PBXTargetDependency section */
		1849661A250F67E800E4815F /* PBXTargetDependency */ = {
			isa = PBXTargetDependency;
			target = 18496601250F67E700E4815F /* Recipe */;
			targetProxy = 18496619250F67E800E4815F /* PBXContainerItemProxy */;
		};
		18496625250F67E800E4815F /* PBXTargetDependency */ = {
			isa = PBXTargetDependency;
			target = 18496601250F67E700E4815F /* Recipe */;
			targetProxy = 18496624250F67E800E4815F /* PBXContainerItemProxy */;
		};
/* End PBXTargetDependency section */

/* Begin PBXVariantGroup section */
		1849660B250F67E700E4815F /* Main.storyboard */ = {
			isa = PBXVariantGroup;
			children = (
				1849660C250F67E700E4815F /* Base */,
			);
			name = Main.storyboard;
			sourceTree = "<group>";
		};
		18496610250F67E800E4815F /* LaunchScreen.storyboard */ = {
			isa = PBXVariantGroup;
			children = (
				18496611250F67E800E4815F /* Base */,
			);
			name = LaunchScreen.storyboard;
			sourceTree = "<group>";
		};
/* End PBXVariantGroup section */

/* Begin XCBuildConfiguration section */
		1849662A250F67E800E4815F /* Debug */ = {
			isa = XCBuildConfiguration;
			buildSettings = {
				ALWAYS_SEARCH_USER_PATHS = NO;
				CLANG_ANALYZER_NONNULL = YES;
				CLANG_ANALYZER_NUMBER_OBJECT_CONVERSION = YES_AGGRESSIVE;
				CLANG_CXX_LANGUAGE_STANDARD = "gnu++14";
				CLANG_CXX_LIBRARY = "libc++";
				CLANG_ENABLE_MODULES = YES;
				CLANG_ENABLE_OBJC_ARC = YES;
				CLANG_ENABLE_OBJC_WEAK = YES;
				CLANG_WARN_BLOCK_CAPTURE_AUTORELEASING = YES;
				CLANG_WARN_BOOL_CONVERSION = YES;
				CLANG_WARN_COMMA = YES;
				CLANG_WARN_CONSTANT_CONVERSION = YES;
				CLANG_WARN_DEPRECATED_OBJC_IMPLEMENTATIONS = YES;
				CLANG_WARN_DIRECT_OBJC_ISA_USAGE = YES_ERROR;
				CLANG_WARN_DOCUMENTATION_COMMENTS = YES;
				CLANG_WARN_EMPTY_BODY = YES;
				CLANG_WARN_ENUM_CONVERSION = YES;
				CLANG_WARN_INFINITE_RECURSION = YES;
				CLANG_WARN_INT_CONVERSION = YES;
				CLANG_WARN_NON_LITERAL_NULL_CONVERSION = YES;
				CLANG_WARN_OBJC_IMPLICIT_RETAIN_SELF = YES;
				CLANG_WARN_OBJC_LITERAL_CONVERSION = YES;
				CLANG_WARN_OBJC_ROOT_CLASS = YES_ERROR;
				CLANG_WARN_RANGE_LOOP_ANALYSIS = YES;
				CLANG_WARN_STRICT_PROTOTYPES = YES;
				CLANG_WARN_SUSPICIOUS_MOVE = YES;
				CLANG_WARN_UNGUARDED_AVAILABILITY = YES_AGGRESSIVE;
				CLANG_WARN_UNREACHABLE_CODE = YES;
				CLANG_WARN__DUPLICATE_METHOD_MATCH = YES;
				COPY_PHASE_STRIP = NO;
				DEBUG_INFORMATION_FORMAT = dwarf;
				ENABLE_STRICT_OBJC_MSGSEND = YES;
				ENABLE_TESTABILITY = YES;
				GCC_C_LANGUAGE_STANDARD = gnu11;
				GCC_DYNAMIC_NO_PIC = NO;
				GCC_NO_COMMON_BLOCKS = YES;
				GCC_OPTIMIZATION_LEVEL = 0;
				GCC_PREPROCESSOR_DEFINITIONS = (
					"DEBUG=1",
					"$(inherited)",
				);
				GCC_WARN_64_TO_32_BIT_CONVERSION = YES;
				GCC_WARN_ABOUT_RETURN_TYPE = YES_ERROR;
				GCC_WARN_UNDECLARED_SELECTOR = YES;
				GCC_WARN_UNINITIALIZED_AUTOS = YES_AGGRESSIVE;
				GCC_WARN_UNUSED_FUNCTION = YES;
				GCC_WARN_UNUSED_VARIABLE = YES;
				IPHONEOS_DEPLOYMENT_TARGET = 13.7;
				MTL_ENABLE_DEBUG_INFO = INCLUDE_SOURCE;
				MTL_FAST_MATH = YES;
				ONLY_ACTIVE_ARCH = YES;
				SDKROOT = iphoneos;
				SWIFT_ACTIVE_COMPILATION_CONDITIONS = DEBUG;
				SWIFT_OPTIMIZATION_LEVEL = "-Onone";
			};
			name = Debug;
		};
		1849662B250F67E800E4815F /* Release */ = {
			isa = XCBuildConfiguration;
			buildSettings = {
				ALWAYS_SEARCH_USER_PATHS = NO;
				CLANG_ANALYZER_NONNULL = YES;
				CLANG_ANALYZER_NUMBER_OBJECT_CONVERSION = YES_AGGRESSIVE;
				CLANG_CXX_LANGUAGE_STANDARD = "gnu++14";
				CLANG_CXX_LIBRARY = "libc++";
				CLANG_ENABLE_MODULES = YES;
				CLANG_ENABLE_OBJC_ARC = YES;
				CLANG_ENABLE_OBJC_WEAK = YES;
				CLANG_WARN_BLOCK_CAPTURE_AUTORELEASING = YES;
				CLANG_WARN_BOOL_CONVERSION = YES;
				CLANG_WARN_COMMA = YES;
				CLANG_WARN_CONSTANT_CONVERSION = YES;
				CLANG_WARN_DEPRECATED_OBJC_IMPLEMENTATIONS = YES;
				CLANG_WARN_DIRECT_OBJC_ISA_USAGE = YES_ERROR;
				CLANG_WARN_DOCUMENTATION_COMMENTS = YES;
				CLANG_WARN_EMPTY_BODY = YES;
				CLANG_WARN_ENUM_CONVERSION = YES;
				CLANG_WARN_INFINITE_RECURSION = YES;
				CLANG_WARN_INT_CONVERSION = YES;
				CLANG_WARN_NON_LITERAL_NULL_CONVERSION = YES;
				CLANG_WARN_OBJC_IMPLICIT_RETAIN_SELF = YES;
				CLANG_WARN_OBJC_LITERAL_CONVERSION = YES;
				CLANG_WARN_OBJC_ROOT_CLASS = YES_ERROR;
				CLANG_WARN_RANGE_LOOP_ANALYSIS = YES;
				CLANG_WARN_STRICT_PROTOTYPES = YES;
				CLANG_WARN_SUSPICIOUS_MOVE = YES;
				CLANG_WARN_UNGUARDED_AVAILABILITY = YES_AGGRESSIVE;
				CLANG_WARN_UNREACHABLE_CODE = YES;
				CLANG_WARN__DUPLICATE_METHOD_MATCH = YES;
				COPY_PHASE_STRIP = NO;
				DEBUG_INFORMATION_FORMAT = "dwarf-with-dsym";
				ENABLE_NS_ASSERTIONS = NO;
				ENABLE_STRICT_OBJC_MSGSEND = YES;
				GCC_C_LANGUAGE_STANDARD = gnu11;
				GCC_NO_COMMON_BLOCKS = YES;
				GCC_WARN_64_TO_32_BIT_CONVERSION = YES;
				GCC_WARN_ABOUT_RETURN_TYPE = YES_ERROR;
				GCC_WARN_UNDECLARED_SELECTOR = YES;
				GCC_WARN_UNINITIALIZED_AUTOS = YES_AGGRESSIVE;
				GCC_WARN_UNUSED_FUNCTION = YES;
				GCC_WARN_UNUSED_VARIABLE = YES;
				IPHONEOS_DEPLOYMENT_TARGET = 13.7;
				MTL_ENABLE_DEBUG_INFO = NO;
				MTL_FAST_MATH = YES;
				SDKROOT = iphoneos;
				SWIFT_COMPILATION_MODE = wholemodule;
				SWIFT_OPTIMIZATION_LEVEL = "-O";
				VALIDATE_PRODUCT = YES;
			};
			name = Release;
		};
		1849662D250F67E800E4815F /* Debug */ = {
			isa = XCBuildConfiguration;
			baseConfigurationReference = 99027C91C8C7CFA7000B24CB /* Pods-Recipe.debug.xcconfig */;
			buildSettings = {
				ASSETCATALOG_COMPILER_APPICON_NAME = AppIcon;
				CLANG_ENABLE_MODULES = YES;
				CODE_SIGN_STYLE = Automatic;
				INFOPLIST_FILE = Recipe/Info.plist;
				LD_RUNPATH_SEARCH_PATHS = (
					"$(inherited)",
					"@executable_path/Frameworks",
				);
				PRODUCT_BUNDLE_IDENTIFIER = kkkkk.Recipe;
				PRODUCT_NAME = "$(TARGET_NAME)";
				SWIFT_OBJC_BRIDGING_HEADER = "Recipe/Recipe-Bridging-Header.h";
				SWIFT_OPTIMIZATION_LEVEL = "-Onone";
				SWIFT_VERSION = 5.0;
				TARGETED_DEVICE_FAMILY = "1,2";
			};
			name = Debug;
		};
		1849662E250F67E800E4815F /* Release */ = {
			isa = XCBuildConfiguration;
			baseConfigurationReference = 496ADE17DD7DE35B406AC658 /* Pods-Recipe.release.xcconfig */;
			buildSettings = {
				ASSETCATALOG_COMPILER_APPICON_NAME = AppIcon;
				CLANG_ENABLE_MODULES = YES;
				CODE_SIGN_STYLE = Automatic;
				INFOPLIST_FILE = Recipe/Info.plist;
				LD_RUNPATH_SEARCH_PATHS = (
					"$(inherited)",
					"@executable_path/Frameworks",
				);
				PRODUCT_BUNDLE_IDENTIFIER = kkkkk.Recipe;
				PRODUCT_NAME = "$(TARGET_NAME)";
				SWIFT_OBJC_BRIDGING_HEADER = "Recipe/Recipe-Bridging-Header.h";
				SWIFT_VERSION = 5.0;
				TARGETED_DEVICE_FAMILY = "1,2";
			};
			name = Release;
		};
		18496630250F67E800E4815F /* Debug */ = {
			isa = XCBuildConfiguration;
			buildSettings = {
				ALWAYS_EMBED_SWIFT_STANDARD_LIBRARIES = YES;
				BUNDLE_LOADER = "$(TEST_HOST)";
				CODE_SIGN_STYLE = Automatic;
				INFOPLIST_FILE = RecipeTests/Info.plist;
				IPHONEOS_DEPLOYMENT_TARGET = 13.7;
				LD_RUNPATH_SEARCH_PATHS = (
					"$(inherited)",
					"@executable_path/Frameworks",
					"@loader_path/Frameworks",
				);
				PRODUCT_BUNDLE_IDENTIFIER = kkkkk.RecipeTests;
				PRODUCT_NAME = "$(TARGET_NAME)";
				SWIFT_VERSION = 5.0;
				TARGETED_DEVICE_FAMILY = "1,2";
				TEST_HOST = "$(BUILT_PRODUCTS_DIR)/Recipe.app/Recipe";
			};
			name = Debug;
		};
		18496631250F67E800E4815F /* Release */ = {
			isa = XCBuildConfiguration;
			buildSettings = {
				ALWAYS_EMBED_SWIFT_STANDARD_LIBRARIES = YES;
				BUNDLE_LOADER = "$(TEST_HOST)";
				CODE_SIGN_STYLE = Automatic;
				INFOPLIST_FILE = RecipeTests/Info.plist;
				IPHONEOS_DEPLOYMENT_TARGET = 13.7;
				LD_RUNPATH_SEARCH_PATHS = (
					"$(inherited)",
					"@executable_path/Frameworks",
					"@loader_path/Frameworks",
				);
				PRODUCT_BUNDLE_IDENTIFIER = kkkkk.RecipeTests;
				PRODUCT_NAME = "$(TARGET_NAME)";
				SWIFT_VERSION = 5.0;
				TARGETED_DEVICE_FAMILY = "1,2";
				TEST_HOST = "$(BUILT_PRODUCTS_DIR)/Recipe.app/Recipe";
			};
			name = Release;
		};
		18496633250F67E800E4815F /* Debug */ = {
			isa = XCBuildConfiguration;
			buildSettings = {
				ALWAYS_EMBED_SWIFT_STANDARD_LIBRARIES = YES;
				CODE_SIGN_STYLE = Automatic;
				INFOPLIST_FILE = RecipeUITests/Info.plist;
				LD_RUNPATH_SEARCH_PATHS = (
					"$(inherited)",
					"@executable_path/Frameworks",
					"@loader_path/Frameworks",
				);
				PRODUCT_BUNDLE_IDENTIFIER = kkkkk.RecipeUITests;
				PRODUCT_NAME = "$(TARGET_NAME)";
				SWIFT_VERSION = 5.0;
				TARGETED_DEVICE_FAMILY = "1,2";
				TEST_TARGET_NAME = Recipe;
			};
			name = Debug;
		};
		18496634250F67E800E4815F /* Release */ = {
			isa = XCBuildConfiguration;
			buildSettings = {
				ALWAYS_EMBED_SWIFT_STANDARD_LIBRARIES = YES;
				CODE_SIGN_STYLE = Automatic;
				INFOPLIST_FILE = RecipeUITests/Info.plist;
				LD_RUNPATH_SEARCH_PATHS = (
					"$(inherited)",
					"@executable_path/Frameworks",
					"@loader_path/Frameworks",
				);
				PRODUCT_BUNDLE_IDENTIFIER = kkkkk.RecipeUITests;
				PRODUCT_NAME = "$(TARGET_NAME)";
				SWIFT_VERSION = 5.0;
				TARGETED_DEVICE_FAMILY = "1,2";
				TEST_TARGET_NAME = Recipe;
			};
			name = Release;
		};
/* End XCBuildConfiguration section */

/* Begin XCConfigurationList section */
		184965FD250F67E700E4815F /* Build configuration list for PBXProject "Recipe" */ = {
			isa = XCConfigurationList;
			buildConfigurations = (
				1849662A250F67E800E4815F /* Debug */,
				1849662B250F67E800E4815F /* Release */,
			);
			defaultConfigurationIsVisible = 0;
			defaultConfigurationName = Release;
		};
		1849662C250F67E800E4815F /* Build configuration list for PBXNativeTarget "Recipe" */ = {
			isa = XCConfigurationList;
			buildConfigurations = (
				1849662D250F67E800E4815F /* Debug */,
				1849662E250F67E800E4815F /* Release */,
			);
			defaultConfigurationIsVisible = 0;
			defaultConfigurationName = Release;
		};
		1849662F250F67E800E4815F /* Build configuration list for PBXNativeTarget "RecipeTests" */ = {
			isa = XCConfigurationList;
			buildConfigurations = (
				18496630250F67E800E4815F /* Debug */,
				18496631250F67E800E4815F /* Release */,
			);
			defaultConfigurationIsVisible = 0;
			defaultConfigurationName = Release;
		};
		18496632250F67E800E4815F /* Build configuration list for PBXNativeTarget "RecipeUITests" */ = {
			isa = XCConfigurationList;
			buildConfigurations = (
				18496633250F67E800E4815F /* Debug */,
				18496634250F67E800E4815F /* Release */,
			);
			defaultConfigurationIsVisible = 0;
			defaultConfigurationName = Release;
		};
/* End XCConfigurationList section */
	};
	rootObject = 184965FA250F67E700E4815F /* Project object */;
}
